// !$*UTF8*$!
{
	archiveVersion = 1;
	classes = {
	};
	objectVersion = 56;
	objects = {

/* Begin PBXBuildFile section */
		E40211AF2993F42300C89C65 /* Model in Frameworks */ = {isa = PBXBuildFile; productRef = E40211AE2993F42300C89C65 /* Model */; };
		E40211B62993F82000C89C65 /* Data in Frameworks */ = {isa = PBXBuildFile; productRef = E40211B52993F82000C89C65 /* Data */; };
		E40211B9299403B500C89C65 /* Domain in Frameworks */ = {isa = PBXBuildFile; productRef = E40211B8299403B500C89C65 /* Domain */; };
		E40211BC2994057100C89C65 /* GoogleService-Info.plist in Resources */ = {isa = PBXBuildFile; fileRef = E40211BB2994057100C89C65 /* GoogleService-Info.plist */; };
		E40211BE2994081D00C89C65 /* AppConfig.swift in Sources */ = {isa = PBXBuildFile; fileRef = E40211BD2994081D00C89C65 /* AppConfig.swift */; };
		E4375A592995306100A92751 /* RootView.swift in Sources */ = {isa = PBXBuildFile; fileRef = E4375A582995306100A92751 /* RootView.swift */; };
		E4375A5B2995307100A92751 /* RootViewModel.swift in Sources */ = {isa = PBXBuildFile; fileRef = E4375A5A2995307100A92751 /* RootViewModel.swift */; };
		E4375A6F2995416300A92751 /* swiftgen.yml in Resources */ = {isa = PBXBuildFile; fileRef = E4375A6E2995416300A92751 /* swiftgen.yml */; };
		E4375A732995435500A92751 /* sv.lproj in Resources */ = {isa = PBXBuildFile; fileRef = E4375A702995435500A92751 /* sv.lproj */; };
		E4375A742995435500A92751 /* en.lproj in Resources */ = {isa = PBXBuildFile; fileRef = E4375A712995435500A92751 /* en.lproj */; };
		E4375A752995435500A92751 /* L10n.swift in Sources */ = {isa = PBXBuildFile; fileRef = E4375A722995435500A92751 /* L10n.swift */; };
		E49C029C2993E6C4001993B7 /* SthlmExplorerApp.swift in Sources */ = {isa = PBXBuildFile; fileRef = E49C029B2993E6C4001993B7 /* SthlmExplorerApp.swift */; };
		E49C02A02993E6C5001993B7 /* Assets.xcassets in Resources */ = {isa = PBXBuildFile; fileRef = E49C029F2993E6C5001993B7 /* Assets.xcassets */; };
		E49C02A32993E6C5001993B7 /* Preview Assets.xcassets in Resources */ = {isa = PBXBuildFile; fileRef = E49C02A22993E6C5001993B7 /* Preview Assets.xcassets */; };
		E49C02AD2993E6C5001993B7 /* SthlmExplorerTests.swift in Sources */ = {isa = PBXBuildFile; fileRef = E49C02AC2993E6C5001993B7 /* SthlmExplorerTests.swift */; };
		E49C02B72993E6C5001993B7 /* SthlmExplorerUITests.swift in Sources */ = {isa = PBXBuildFile; fileRef = E49C02B62993E6C5001993B7 /* SthlmExplorerUITests.swift */; };
		E49C02B92993E6C5001993B7 /* SthlmExplorerUITestsLaunchTests.swift in Sources */ = {isa = PBXBuildFile; fileRef = E49C02B82993E6C5001993B7 /* SthlmExplorerUITestsLaunchTests.swift */; };
/* End PBXBuildFile section */

/* Begin PBXContainerItemProxy section */
		E49C02A92993E6C5001993B7 /* PBXContainerItemProxy */ = {
			isa = PBXContainerItemProxy;
			containerPortal = E49C02902993E6C4001993B7 /* Project object */;
			proxyType = 1;
			remoteGlobalIDString = E49C02972993E6C4001993B7;
			remoteInfo = SthlmExplorer;
		};
		E49C02B32993E6C5001993B7 /* PBXContainerItemProxy */ = {
			isa = PBXContainerItemProxy;
			containerPortal = E49C02902993E6C4001993B7 /* Project object */;
			proxyType = 1;
			remoteGlobalIDString = E49C02972993E6C4001993B7;
			remoteInfo = SthlmExplorer;
		};
/* End PBXContainerItemProxy section */

/* Begin PBXFileReference section */
		E40211AD2993F37000C89C65 /* Model */ = {isa = PBXFileReference; lastKnownFileType = wrapper; path = Model; sourceTree = "<group>"; };
		E40211B02993F4B900C89C65 /* README.md */ = {isa = PBXFileReference; lastKnownFileType = net.daringfireball.markdown; path = README.md; sourceTree = "<group>"; };
		E40211B42993F80F00C89C65 /* Data */ = {isa = PBXFileReference; lastKnownFileType = wrapper; path = Data; sourceTree = "<group>"; };
		E40211B72994037300C89C65 /* Domain */ = {isa = PBXFileReference; lastKnownFileType = wrapper; path = Domain; sourceTree = "<group>"; };
		E40211BB2994057100C89C65 /* GoogleService-Info.plist */ = {isa = PBXFileReference; fileEncoding = 4; lastKnownFileType = text.plist.xml; path = "GoogleService-Info.plist"; sourceTree = "<group>"; };
		E40211BD2994081D00C89C65 /* AppConfig.swift */ = {isa = PBXFileReference; lastKnownFileType = sourcecode.swift; path = AppConfig.swift; sourceTree = "<group>"; };
		E4375A582995306100A92751 /* RootView.swift */ = {isa = PBXFileReference; lastKnownFileType = sourcecode.swift; path = RootView.swift; sourceTree = "<group>"; };
		E4375A5A2995307100A92751 /* RootViewModel.swift */ = {isa = PBXFileReference; lastKnownFileType = sourcecode.swift; path = RootViewModel.swift; sourceTree = "<group>"; };
		E4375A6E2995416300A92751 /* swiftgen.yml */ = {isa = PBXFileReference; fileEncoding = 4; lastKnownFileType = text.yaml; path = swiftgen.yml; sourceTree = "<group>"; };
		E4375A702995435500A92751 /* sv.lproj */ = {isa = PBXFileReference; lastKnownFileType = folder; path = sv.lproj; sourceTree = "<group>"; };
		E4375A712995435500A92751 /* en.lproj */ = {isa = PBXFileReference; lastKnownFileType = folder; path = en.lproj; sourceTree = "<group>"; };
		E4375A722995435500A92751 /* L10n.swift */ = {isa = PBXFileReference; fileEncoding = 4; lastKnownFileType = sourcecode.swift; path = L10n.swift; sourceTree = "<group>"; };
		E49C02982993E6C4001993B7 /* SthlmExplorer.app */ = {isa = PBXFileReference; explicitFileType = wrapper.application; includeInIndex = 0; path = SthlmExplorer.app; sourceTree = BUILT_PRODUCTS_DIR; };
		E49C029B2993E6C4001993B7 /* SthlmExplorerApp.swift */ = {isa = PBXFileReference; lastKnownFileType = sourcecode.swift; path = SthlmExplorerApp.swift; sourceTree = "<group>"; };
		E49C029F2993E6C5001993B7 /* Assets.xcassets */ = {isa = PBXFileReference; lastKnownFileType = folder.assetcatalog; path = Assets.xcassets; sourceTree = "<group>"; };
		E49C02A22993E6C5001993B7 /* Preview Assets.xcassets */ = {isa = PBXFileReference; lastKnownFileType = folder.assetcatalog; path = "Preview Assets.xcassets"; sourceTree = "<group>"; };
		E49C02A82993E6C5001993B7 /* SthlmExplorerTests.xctest */ = {isa = PBXFileReference; explicitFileType = wrapper.cfbundle; includeInIndex = 0; path = SthlmExplorerTests.xctest; sourceTree = BUILT_PRODUCTS_DIR; };
		E49C02AC2993E6C5001993B7 /* SthlmExplorerTests.swift */ = {isa = PBXFileReference; lastKnownFileType = sourcecode.swift; path = SthlmExplorerTests.swift; sourceTree = "<group>"; };
		E49C02B22993E6C5001993B7 /* SthlmExplorerUITests.xctest */ = {isa = PBXFileReference; explicitFileType = wrapper.cfbundle; includeInIndex = 0; path = SthlmExplorerUITests.xctest; sourceTree = BUILT_PRODUCTS_DIR; };
		E49C02B62993E6C5001993B7 /* SthlmExplorerUITests.swift */ = {isa = PBXFileReference; lastKnownFileType = sourcecode.swift; path = SthlmExplorerUITests.swift; sourceTree = "<group>"; };
		E49C02B82993E6C5001993B7 /* SthlmExplorerUITestsLaunchTests.swift */ = {isa = PBXFileReference; lastKnownFileType = sourcecode.swift; path = SthlmExplorerUITestsLaunchTests.swift; sourceTree = "<group>"; };
/* End PBXFileReference section */

/* Begin PBXFrameworksBuildPhase section */
		E49C02952993E6C4001993B7 /* Frameworks */ = {
			isa = PBXFrameworksBuildPhase;
			buildActionMask = 2147483647;
			files = (
				E40211B9299403B500C89C65 /* Domain in Frameworks */,
				E40211B62993F82000C89C65 /* Data in Frameworks */,
				E40211AF2993F42300C89C65 /* Model in Frameworks */,
			);
			runOnlyForDeploymentPostprocessing = 0;
		};
		E49C02A52993E6C5001993B7 /* Frameworks */ = {
			isa = PBXFrameworksBuildPhase;
			buildActionMask = 2147483647;
			files = (
			);
			runOnlyForDeploymentPostprocessing = 0;
		};
		E49C02AF2993E6C5001993B7 /* Frameworks */ = {
			isa = PBXFrameworksBuildPhase;
			buildActionMask = 2147483647;
			files = (
			);
			runOnlyForDeploymentPostprocessing = 0;
		};
/* End PBXFrameworksBuildPhase section */

/* Begin PBXGroup section */
		E40211BA2994054600C89C65 /* Config */ = {
			isa = PBXGroup;
			children = (
				E40211BB2994057100C89C65 /* GoogleService-Info.plist */,
				E40211BD2994081D00C89C65 /* AppConfig.swift */,
			);
			path = Config;
			sourceTree = "<group>";
		};
		E4375A562995303700A92751 /* Presentation */ = {
			isa = PBXGroup;
			children = (
				E4375A5E29953BE300A92751 /* Extensions */,
				E4375A5C29953BBF00A92751 /* Flows */,
				E4375A5D29953BD700A92751 /* Resources */,
			);
			path = Presentation;
			sourceTree = "<group>";
		};
		E4375A572995304E00A92751 /* Root */ = {
			isa = PBXGroup;
			children = (
				E4375A582995306100A92751 /* RootView.swift */,
				E4375A5A2995307100A92751 /* RootViewModel.swift */,
			);
			path = Root;
			sourceTree = "<group>";
		};
		E4375A5C29953BBF00A92751 /* Flows */ = {
			isa = PBXGroup;
			children = (
				E4375A572995304E00A92751 /* Root */,
			);
			path = Flows;
			sourceTree = "<group>";
		};
		E4375A5D29953BD700A92751 /* Resources */ = {
			isa = PBXGroup;
			children = (
				E4375A6129953D4E00A92751 /* Assets */,
				E4375A6029953D3F00A92751 /* Dimensions */,
				E4375A5F29953D3400A92751 /* Fonts */,
				E4375A6229953D5600A92751 /* Strings */,
			);
			path = Resources;
			sourceTree = "<group>";
		};
		E4375A5E29953BE300A92751 /* Extensions */ = {
			isa = PBXGroup;
			children = (
			);
			path = Extensions;
			sourceTree = "<group>";
		};
		E4375A5F29953D3400A92751 /* Fonts */ = {
			isa = PBXGroup;
			children = (
			);
			path = Fonts;
			sourceTree = "<group>";
		};
		E4375A6029953D3F00A92751 /* Dimensions */ = {
			isa = PBXGroup;
			children = (
			);
			path = Dimensions;
			sourceTree = "<group>";
		};
		E4375A6129953D4E00A92751 /* Assets */ = {
			isa = PBXGroup;
			children = (
				E49C029F2993E6C5001993B7 /* Assets.xcassets */,
			);
			path = Assets;
			sourceTree = "<group>";
		};
		E4375A6229953D5600A92751 /* Strings */ = {
			isa = PBXGroup;
			children = (
				E4375A722995435500A92751 /* L10n.swift */,
				E4375A702995435500A92751 /* sv.lproj */,
				E4375A712995435500A92751 /* en.lproj */,
			);
			path = Strings;
			sourceTree = "<group>";
		};
		E49C028F2993E6C4001993B7 = {
			isa = PBXGroup;
			children = (
				E4375A6E2995416300A92751 /* swiftgen.yml */,
				E40211B02993F4B900C89C65 /* README.md */,
				E40211B42993F80F00C89C65 /* Data */,
				E40211B72994037300C89C65 /* Domain */,
				E40211AD2993F37000C89C65 /* Model */,
				E49C029A2993E6C4001993B7 /* SthlmExplorer */,
				E49C02AB2993E6C5001993B7 /* SthlmExplorerTests */,
				E49C02B52993E6C5001993B7 /* SthlmExplorerUITests */,
				E49C02992993E6C4001993B7 /* Products */,
				E49C02C62993E837001993B7 /* Frameworks */,
			);
			sourceTree = "<group>";
		};
		E49C02992993E6C4001993B7 /* Products */ = {
			isa = PBXGroup;
			children = (
				E49C02982993E6C4001993B7 /* SthlmExplorer.app */,
				E49C02A82993E6C5001993B7 /* SthlmExplorerTests.xctest */,
				E49C02B22993E6C5001993B7 /* SthlmExplorerUITests.xctest */,
			);
			name = Products;
			sourceTree = "<group>";
		};
		E49C029A2993E6C4001993B7 /* SthlmExplorer */ = {
			isa = PBXGroup;
			children = (
				E40211BA2994054600C89C65 /* Config */,
				E4375A562995303700A92751 /* Presentation */,
				E49C029B2993E6C4001993B7 /* SthlmExplorerApp.swift */,
				E49C02A12993E6C5001993B7 /* Preview Content */,
			);
			path = SthlmExplorer;
			sourceTree = "<group>";
		};
		E49C02A12993E6C5001993B7 /* Preview Content */ = {
			isa = PBXGroup;
			children = (
				E49C02A22993E6C5001993B7 /* Preview Assets.xcassets */,
			);
			path = "Preview Content";
			sourceTree = "<group>";
		};
		E49C02AB2993E6C5001993B7 /* SthlmExplorerTests */ = {
			isa = PBXGroup;
			children = (
				E49C02AC2993E6C5001993B7 /* SthlmExplorerTests.swift */,
			);
			path = SthlmExplorerTests;
			sourceTree = "<group>";
		};
		E49C02B52993E6C5001993B7 /* SthlmExplorerUITests */ = {
			isa = PBXGroup;
			children = (
				E49C02B62993E6C5001993B7 /* SthlmExplorerUITests.swift */,
				E49C02B82993E6C5001993B7 /* SthlmExplorerUITestsLaunchTests.swift */,
			);
			path = SthlmExplorerUITests;
			sourceTree = "<group>";
		};
		E49C02C62993E837001993B7 /* Frameworks */ = {
			isa = PBXGroup;
			children = (
			);
			name = Frameworks;
			sourceTree = "<group>";
		};
/* End PBXGroup section */

/* Begin PBXNativeTarget section */
		E49C02972993E6C4001993B7 /* SthlmExplorer */ = {
			isa = PBXNativeTarget;
			buildConfigurationList = E49C02BC2993E6C5001993B7 /* Build configuration list for PBXNativeTarget "SthlmExplorer" */;
			buildPhases = (
				E49C02942993E6C4001993B7 /* Sources */,
				E49C02952993E6C4001993B7 /* Frameworks */,
				E49C02962993E6C4001993B7 /* Resources */,
			);
			buildRules = (
			);
			dependencies = (
			);
			name = SthlmExplorer;
			packageProductDependencies = (
				E40211AE2993F42300C89C65 /* Model */,
				E40211B52993F82000C89C65 /* Data */,
				E40211B8299403B500C89C65 /* Domain */,
			);
			productName = SthlmExplorer;
			productReference = E49C02982993E6C4001993B7 /* SthlmExplorer.app */;
			productType = "com.apple.product-type.application";
		};
		E49C02A72993E6C5001993B7 /* SthlmExplorerTests */ = {
			isa = PBXNativeTarget;
			buildConfigurationList = E49C02BF2993E6C5001993B7 /* Build configuration list for PBXNativeTarget "SthlmExplorerTests" */;
			buildPhases = (
				E49C02A42993E6C5001993B7 /* Sources */,
				E49C02A52993E6C5001993B7 /* Frameworks */,
				E49C02A62993E6C5001993B7 /* Resources */,
			);
			buildRules = (
			);
			dependencies = (
				E49C02AA2993E6C5001993B7 /* PBXTargetDependency */,
			);
			name = SthlmExplorerTests;
			productName = SthlmExplorerTests;
			productReference = E49C02A82993E6C5001993B7 /* SthlmExplorerTests.xctest */;
			productType = "com.apple.product-type.bundle.unit-test";
		};
		E49C02B12993E6C5001993B7 /* SthlmExplorerUITests */ = {
			isa = PBXNativeTarget;
			buildConfigurationList = E49C02C22993E6C5001993B7 /* Build configuration list for PBXNativeTarget "SthlmExplorerUITests" */;
			buildPhases = (
				E49C02AE2993E6C5001993B7 /* Sources */,
				E49C02AF2993E6C5001993B7 /* Frameworks */,
				E49C02B02993E6C5001993B7 /* Resources */,
			);
			buildRules = (
			);
			dependencies = (
				E49C02B42993E6C5001993B7 /* PBXTargetDependency */,
			);
			name = SthlmExplorerUITests;
			productName = SthlmExplorerUITests;
			productReference = E49C02B22993E6C5001993B7 /* SthlmExplorerUITests.xctest */;
			productType = "com.apple.product-type.bundle.ui-testing";
		};
/* End PBXNativeTarget section */

/* Begin PBXProject section */
		E49C02902993E6C4001993B7 /* Project object */ = {
			isa = PBXProject;
			attributes = {
				BuildIndependentTargetsInParallel = 1;
				LastSwiftUpdateCheck = 1420;
				LastUpgradeCheck = 1420;
				TargetAttributes = {
					E49C02972993E6C4001993B7 = {
						CreatedOnToolsVersion = 14.2;
					};
					E49C02A72993E6C5001993B7 = {
						CreatedOnToolsVersion = 14.2;
						TestTargetID = E49C02972993E6C4001993B7;
					};
					E49C02B12993E6C5001993B7 = {
						CreatedOnToolsVersion = 14.2;
						TestTargetID = E49C02972993E6C4001993B7;
					};
				};
			};
			buildConfigurationList = E49C02932993E6C4001993B7 /* Build configuration list for PBXProject "SthlmExplorer" */;
			compatibilityVersion = "Xcode 14.0";
			developmentRegion = en;
			hasScannedForEncodings = 0;
			knownRegions = (
				en,
				Base,
				sv,
			);
			mainGroup = E49C028F2993E6C4001993B7;
			productRefGroup = E49C02992993E6C4001993B7 /* Products */;
			projectDirPath = "";
			projectRoot = "";
			targets = (
				E49C02972993E6C4001993B7 /* SthlmExplorer */,
				E49C02A72993E6C5001993B7 /* SthlmExplorerTests */,
				E49C02B12993E6C5001993B7 /* SthlmExplorerUITests */,
			);
		};
/* End PBXProject section */

/* Begin PBXResourcesBuildPhase section */
		E49C02962993E6C4001993B7 /* Resources */ = {
			isa = PBXResourcesBuildPhase;
			buildActionMask = 2147483647;
			files = (
				E4375A742995435500A92751 /* en.lproj in Resources */,
				E49C02A32993E6C5001993B7 /* Preview Assets.xcassets in Resources */,
				E4375A6F2995416300A92751 /* swiftgen.yml in Resources */,
				E49C02A02993E6C5001993B7 /* Assets.xcassets in Resources */,
				E4375A732995435500A92751 /* sv.lproj in Resources */,
				E40211BC2994057100C89C65 /* GoogleService-Info.plist in Resources */,
			);
			runOnlyForDeploymentPostprocessing = 0;
		};
		E49C02A62993E6C5001993B7 /* Resources */ = {
			isa = PBXResourcesBuildPhase;
			buildActionMask = 2147483647;
			files = (
			);
			runOnlyForDeploymentPostprocessing = 0;
		};
		E49C02B02993E6C5001993B7 /* Resources */ = {
			isa = PBXResourcesBuildPhase;
			buildActionMask = 2147483647;
			files = (
			);
			runOnlyForDeploymentPostprocessing = 0;
		};
/* End PBXResourcesBuildPhase section */

/* Begin PBXSourcesBuildPhase section */
		E49C02942993E6C4001993B7 /* Sources */ = {
			isa = PBXSourcesBuildPhase;
			buildActionMask = 2147483647;
			files = (
				E4375A5B2995307100A92751 /* RootViewModel.swift in Sources */,
				E4375A592995306100A92751 /* RootView.swift in Sources */,
				E40211BE2994081D00C89C65 /* AppConfig.swift in Sources */,
				E49C029C2993E6C4001993B7 /* SthlmExplorerApp.swift in Sources */,
				E4375A752995435500A92751 /* L10n.swift in Sources */,
			);
			runOnlyForDeploymentPostprocessing = 0;
		};
		E49C02A42993E6C5001993B7 /* Sources */ = {
			isa = PBXSourcesBuildPhase;
			buildActionMask = 2147483647;
			files = (
				E49C02AD2993E6C5001993B7 /* SthlmExplorerTests.swift in Sources */,
			);
			runOnlyForDeploymentPostprocessing = 0;
		};
		E49C02AE2993E6C5001993B7 /* Sources */ = {
			isa = PBXSourcesBuildPhase;
			buildActionMask = 2147483647;
			files = (
				E49C02B92993E6C5001993B7 /* SthlmExplorerUITestsLaunchTests.swift in Sources */,
				E49C02B72993E6C5001993B7 /* SthlmExplorerUITests.swift in Sources */,
			);
			runOnlyForDeploymentPostprocessing = 0;
		};
/* End PBXSourcesBuildPhase section */

/* Begin PBXTargetDependency section */
		E49C02AA2993E6C5001993B7 /* PBXTargetDependency */ = {
			isa = PBXTargetDependency;
			target = E49C02972993E6C4001993B7 /* SthlmExplorer */;
			targetProxy = E49C02A92993E6C5001993B7 /* PBXContainerItemProxy */;
		};
		E49C02B42993E6C5001993B7 /* PBXTargetDependency */ = {
			isa = PBXTargetDependency;
			target = E49C02972993E6C4001993B7 /* SthlmExplorer */;
			targetProxy = E49C02B32993E6C5001993B7 /* PBXContainerItemProxy */;
		};
/* End PBXTargetDependency section */

/* Begin XCBuildConfiguration section */
		E49C02BA2993E6C5001993B7 /* Debug */ = {
			isa = XCBuildConfiguration;
			buildSettings = {
				ALWAYS_SEARCH_USER_PATHS = NO;
				CLANG_ANALYZER_NONNULL = YES;
				CLANG_ANALYZER_NUMBER_OBJECT_CONVERSION = YES_AGGRESSIVE;
				CLANG_CXX_LANGUAGE_STANDARD = "gnu++20";
				CLANG_ENABLE_MODULES = YES;
				CLANG_ENABLE_OBJC_ARC = YES;
				CLANG_ENABLE_OBJC_WEAK = YES;
				CLANG_WARN_BLOCK_CAPTURE_AUTORELEASING = YES;
				CLANG_WARN_BOOL_CONVERSION = YES;
				CLANG_WARN_COMMA = YES;
				CLANG_WARN_CONSTANT_CONVERSION = YES;
				CLANG_WARN_DEPRECATED_OBJC_IMPLEMENTATIONS = YES;
				CLANG_WARN_DIRECT_OBJC_ISA_USAGE = YES_ERROR;
				CLANG_WARN_DOCUMENTATION_COMMENTS = YES;
				CLANG_WARN_EMPTY_BODY = YES;
				CLANG_WARN_ENUM_CONVERSION = YES;
				CLANG_WARN_INFINITE_RECURSION = YES;
				CLANG_WARN_INT_CONVERSION = YES;
				CLANG_WARN_NON_LITERAL_NULL_CONVERSION = YES;
				CLANG_WARN_OBJC_IMPLICIT_RETAIN_SELF = YES;
				CLANG_WARN_OBJC_LITERAL_CONVERSION = YES;
				CLANG_WARN_OBJC_ROOT_CLASS = YES_ERROR;
				CLANG_WARN_QUOTED_INCLUDE_IN_FRAMEWORK_HEADER = YES;
				CLANG_WARN_RANGE_LOOP_ANALYSIS = YES;
				CLANG_WARN_STRICT_PROTOTYPES = YES;
				CLANG_WARN_SUSPICIOUS_MOVE = YES;
				CLANG_WARN_UNGUARDED_AVAILABILITY = YES_AGGRESSIVE;
				CLANG_WARN_UNREACHABLE_CODE = YES;
				CLANG_WARN__DUPLICATE_METHOD_MATCH = YES;
				COPY_PHASE_STRIP = NO;
				DEBUG_INFORMATION_FORMAT = dwarf;
				ENABLE_STRICT_OBJC_MSGSEND = YES;
				ENABLE_TESTABILITY = YES;
				GCC_C_LANGUAGE_STANDARD = gnu11;
				GCC_DYNAMIC_NO_PIC = NO;
				GCC_NO_COMMON_BLOCKS = YES;
				GCC_OPTIMIZATION_LEVEL = 0;
				GCC_PREPROCESSOR_DEFINITIONS = (
					"DEBUG=1",
					"$(inherited)",
				);
				GCC_WARN_64_TO_32_BIT_CONVERSION = YES;
				GCC_WARN_ABOUT_RETURN_TYPE = YES_ERROR;
				GCC_WARN_UNDECLARED_SELECTOR = YES;
				GCC_WARN_UNINITIALIZED_AUTOS = YES_AGGRESSIVE;
				GCC_WARN_UNUSED_FUNCTION = YES;
				GCC_WARN_UNUSED_VARIABLE = YES;
				IPHONEOS_DEPLOYMENT_TARGET = 16.2;
				MTL_ENABLE_DEBUG_INFO = INCLUDE_SOURCE;
				MTL_FAST_MATH = YES;
				ONLY_ACTIVE_ARCH = YES;
				SDKROOT = iphoneos;
				SWIFT_ACTIVE_COMPILATION_CONDITIONS = DEBUG;
				SWIFT_OPTIMIZATION_LEVEL = "-Onone";
			};
			name = Debug;
		};
		E49C02BB2993E6C5001993B7 /* Release */ = {
			isa = XCBuildConfiguration;
			buildSettings = {
				ALWAYS_SEARCH_USER_PATHS = NO;
				CLANG_ANALYZER_NONNULL = YES;
				CLANG_ANALYZER_NUMBER_OBJECT_CONVERSION = YES_AGGRESSIVE;
				CLANG_CXX_LANGUAGE_STANDARD = "gnu++20";
				CLANG_ENABLE_MODULES = YES;
				CLANG_ENABLE_OBJC_ARC = YES;
				CLANG_ENABLE_OBJC_WEAK = YES;
				CLANG_WARN_BLOCK_CAPTURE_AUTORELEASING = YES;
				CLANG_WARN_BOOL_CONVERSION = YES;
				CLANG_WARN_COMMA = YES;
				CLANG_WARN_CONSTANT_CONVERSION = YES;
				CLANG_WARN_DEPRECATED_OBJC_IMPLEMENTATIONS = YES;
				CLANG_WARN_DIRECT_OBJC_ISA_USAGE = YES_ERROR;
				CLANG_WARN_DOCUMENTATION_COMMENTS = YES;
				CLANG_WARN_EMPTY_BODY = YES;
				CLANG_WARN_ENUM_CONVERSION = YES;
				CLANG_WARN_INFINITE_RECURSION = YES;
				CLANG_WARN_INT_CONVERSION = YES;
				CLANG_WARN_NON_LITERAL_NULL_CONVERSION = YES;
				CLANG_WARN_OBJC_IMPLICIT_RETAIN_SELF = YES;
				CLANG_WARN_OBJC_LITERAL_CONVERSION = YES;
				CLANG_WARN_OBJC_ROOT_CLASS = YES_ERROR;
				CLANG_WARN_QUOTED_INCLUDE_IN_FRAMEWORK_HEADER = YES;
				CLANG_WARN_RANGE_LOOP_ANALYSIS = YES;
				CLANG_WARN_STRICT_PROTOTYPES = YES;
				CLANG_WARN_SUSPICIOUS_MOVE = YES;
				CLANG_WARN_UNGUARDED_AVAILABILITY = YES_AGGRESSIVE;
				CLANG_WARN_UNREACHABLE_CODE = YES;
				CLANG_WARN__DUPLICATE_METHOD_MATCH = YES;
				COPY_PHASE_STRIP = NO;
				DEBUG_INFORMATION_FORMAT = "dwarf-with-dsym";
				ENABLE_NS_ASSERTIONS = NO;
				ENABLE_STRICT_OBJC_MSGSEND = YES;
				GCC_C_LANGUAGE_STANDARD = gnu11;
				GCC_NO_COMMON_BLOCKS = YES;
				GCC_WARN_64_TO_32_BIT_CONVERSION = YES;
				GCC_WARN_ABOUT_RETURN_TYPE = YES_ERROR;
				GCC_WARN_UNDECLARED_SELECTOR = YES;
				GCC_WARN_UNINITIALIZED_AUTOS = YES_AGGRESSIVE;
				GCC_WARN_UNUSED_FUNCTION = YES;
				GCC_WARN_UNUSED_VARIABLE = YES;
				IPHONEOS_DEPLOYMENT_TARGET = 16.2;
				MTL_ENABLE_DEBUG_INFO = NO;
				MTL_FAST_MATH = YES;
				SDKROOT = iphoneos;
				SWIFT_COMPILATION_MODE = wholemodule;
				SWIFT_OPTIMIZATION_LEVEL = "-O";
				VALIDATE_PRODUCT = YES;
			};
			name = Release;
		};
		E49C02BD2993E6C5001993B7 /* Debug */ = {
			isa = XCBuildConfiguration;
			buildSettings = {
				ASSETCATALOG_COMPILER_APPICON_NAME = AppIcon;
				ASSETCATALOG_COMPILER_GLOBAL_ACCENT_COLOR_NAME = AccentColor;
				CODE_SIGN_STYLE = Automatic;
				CURRENT_PROJECT_VERSION = 1;
				DEVELOPMENT_ASSET_PATHS = "\"SthlmExplorer/Preview Content\"";
				DEVELOPMENT_TEAM = 58276YCSXY;
				ENABLE_PREVIEWS = YES;
				GENERATE_INFOPLIST_FILE = YES;
				INFOPLIST_KEY_UIApplicationSceneManifest_Generation = YES;
				INFOPLIST_KEY_UIApplicationSupportsIndirectInputEvents = YES;
				INFOPLIST_KEY_UILaunchScreen_Generation = YES;
				INFOPLIST_KEY_UISupportedInterfaceOrientations_iPad = "UIInterfaceOrientationPortrait UIInterfaceOrientationPortraitUpsideDown UIInterfaceOrientationLandscapeLeft UIInterfaceOrientationLandscapeRight";
				INFOPLIST_KEY_UISupportedInterfaceOrientations_iPhone = "UIInterfaceOrientationPortrait UIInterfaceOrientationLandscapeLeft UIInterfaceOrientationLandscapeRight";
				IPHONEOS_DEPLOYMENT_TARGET = 16.0;
				LD_RUNPATH_SEARCH_PATHS = (
					"$(inherited)",
					"@executable_path/Frameworks",
				);
				MARKETING_VERSION = 1.0;
				PRODUCT_BUNDLE_IDENTIFIER = com.olof.SthlmExplorer;
				PRODUCT_NAME = "$(TARGET_NAME)";
				SWIFT_EMIT_LOC_STRINGS = YES;
				SWIFT_VERSION = 5.0;
				TARGETED_DEVICE_FAMILY = "1,2";
			};
			name = Debug;
		};
		E49C02BE2993E6C5001993B7 /* Release */ = {
			isa = XCBuildConfiguration;
			buildSettings = {
				ASSETCATALOG_COMPILER_APPICON_NAME = AppIcon;
				ASSETCATALOG_COMPILER_GLOBAL_ACCENT_COLOR_NAME = AccentColor;
				CODE_SIGN_STYLE = Automatic;
				CURRENT_PROJECT_VERSION = 1;
				DEVELOPMENT_ASSET_PATHS = "\"SthlmExplorer/Preview Content\"";
				DEVELOPMENT_TEAM = 58276YCSXY;
				ENABLE_PREVIEWS = YES;
				GENERATE_INFOPLIST_FILE = YES;
				INFOPLIST_KEY_UIApplicationSceneManifest_Generation = YES;
				INFOPLIST_KEY_UIApplicationSupportsIndirectInputEvents = YES;
				INFOPLIST_KEY_UILaunchScreen_Generation = YES;
				INFOPLIST_KEY_UISupportedInterfaceOrientations_iPad = "UIInterfaceOrientationPortrait UIInterfaceOrientationPortraitUpsideDown UIInterfaceOrientationLandscapeLeft UIInterfaceOrientationLandscapeRight";
				INFOPLIST_KEY_UISupportedInterfaceOrientations_iPhone = "UIInterfaceOrientationPortrait UIInterfaceOrientationLandscapeLeft UIInterfaceOrientationLandscapeRight";
				IPHONEOS_DEPLOYMENT_TARGET = 16.0;
				LD_RUNPATH_SEARCH_PATHS = (
					"$(inherited)",
					"@executable_path/Frameworks",
				);
				MARKETING_VERSION = 1.0;
				PRODUCT_BUNDLE_IDENTIFIER = com.olof.SthlmExplorer;
				PRODUCT_NAME = "$(TARGET_NAME)";
				SWIFT_EMIT_LOC_STRINGS = YES;
				SWIFT_VERSION = 5.0;
				TARGETED_DEVICE_FAMILY = "1,2";
			};
			name = Release;
		};
		E49C02C02993E6C5001993B7 /* Debug */ = {
			isa = XCBuildConfiguration;
			buildSettings = {
				ALWAYS_EMBED_SWIFT_STANDARD_LIBRARIES = YES;
				BUNDLE_LOADER = "$(TEST_HOST)";
				CODE_SIGN_STYLE = Automatic;
				CURRENT_PROJECT_VERSION = 1;
				DEVELOPMENT_TEAM = 58276YCSXY;
				GENERATE_INFOPLIST_FILE = YES;
				IPHONEOS_DEPLOYMENT_TARGET = 16.2;
				MARKETING_VERSION = 1.0;
				PRODUCT_BUNDLE_IDENTIFIER = com.olof.SthlmExplorerTests;
				PRODUCT_NAME = "$(TARGET_NAME)";
				SWIFT_EMIT_LOC_STRINGS = NO;
				SWIFT_VERSION = 5.0;
				TARGETED_DEVICE_FAMILY = "1,2";
				TEST_HOST = "$(BUILT_PRODUCTS_DIR)/SthlmExplorer.app/$(BUNDLE_EXECUTABLE_FOLDER_PATH)/SthlmExplorer";
			};
			name = Debug;
		};
		E49C02C12993E6C5001993B7 /* Release */ = {
			isa = XCBuildConfiguration;
			buildSettings = {
				ALWAYS_EMBED_SWIFT_STANDARD_LIBRARIES = YES;
				BUNDLE_LOADER = "$(TEST_HOST)";
				CODE_SIGN_STYLE = Automatic;
				CURRENT_PROJECT_VERSION = 1;
				DEVELOPMENT_TEAM = 58276YCSXY;
				GENERATE_INFOPLIST_FILE = YES;
				IPHONEOS_DEPLOYMENT_TARGET = 16.2;
				MARKETING_VERSION = 1.0;
				PRODUCT_BUNDLE_IDENTIFIER = com.olof.SthlmExplorerTests;
				PRODUCT_NAME = "$(TARGET_NAME)";
				SWIFT_EMIT_LOC_STRINGS = NO;
				SWIFT_VERSION = 5.0;
				TARGETED_DEVICE_FAMILY = "1,2";
				TEST_HOST = "$(BUILT_PRODUCTS_DIR)/SthlmExplorer.app/$(BUNDLE_EXECUTABLE_FOLDER_PATH)/SthlmExplorer";
			};
			name = Release;
		};
		E49C02C32993E6C5001993B7 /* Debug */ = {
			isa = XCBuildConfiguration;
			buildSettings = {
				ALWAYS_EMBED_SWIFT_STANDARD_LIBRARIES = YES;
				CODE_SIGN_STYLE = Automatic;
				CURRENT_PROJECT_VERSION = 1;
				DEVELOPMENT_TEAM = 58276YCSXY;
				GENERATE_INFOPLIST_FILE = YES;
				MARKETING_VERSION = 1.0;
				PRODUCT_BUNDLE_IDENTIFIER = com.olof.SthlmExplorerUITests;
				PRODUCT_NAME = "$(TARGET_NAME)";
				SWIFT_EMIT_LOC_STRINGS = NO;
				SWIFT_VERSION = 5.0;
				TARGETED_DEVICE_FAMILY = "1,2";
				TEST_TARGET_NAME = SthlmExplorer;
			};
			name = Debug;
		};
		E49C02C42993E6C5001993B7 /* Release */ = {
			isa = XCBuildConfiguration;
			buildSettings = {
				ALWAYS_EMBED_SWIFT_STANDARD_LIBRARIES = YES;
				CODE_SIGN_STYLE = Automatic;
				CURRENT_PROJECT_VERSION = 1;
				DEVELOPMENT_TEAM = 58276YCSXY;
				GENERATE_INFOPLIST_FILE = YES;
				MARKETING_VERSION = 1.0;
				PRODUCT_BUNDLE_IDENTIFIER = com.olof.SthlmExplorerUITests;
				PRODUCT_NAME = "$(TARGET_NAME)";
				SWIFT_EMIT_LOC_STRINGS = NO;
				SWIFT_VERSION = 5.0;
				TARGETED_DEVICE_FAMILY = "1,2";
				TEST_TARGET_NAME = SthlmExplorer;
			};
			name = Release;
		};
/* End XCBuildConfiguration section */

/* Begin XCConfigurationList section */
		E49C02932993E6C4001993B7 /* Build configuration list for PBXProject "SthlmExplorer" */ = {
			isa = XCConfigurationList;
			buildConfigurations = (
				E49C02BA2993E6C5001993B7 /* Debug */,
				E49C02BB2993E6C5001993B7 /* Release */,
			);
			defaultConfigurationIsVisible = 0;
			defaultConfigurationName = Release;
		};
		E49C02BC2993E6C5001993B7 /* Build configuration list for PBXNativeTarget "SthlmExplorer" */ = {
			isa = XCConfigurationList;
			buildConfigurations = (
				E49C02BD2993E6C5001993B7 /* Debug */,
				E49C02BE2993E6C5001993B7 /* Release */,
			);
			defaultConfigurationIsVisible = 0;
			defaultConfigurationName = Release;
		};
		E49C02BF2993E6C5001993B7 /* Build configuration list for PBXNativeTarget "SthlmExplorerTests" */ = {
			isa = XCConfigurationList;
			buildConfigurations = (
				E49C02C02993E6C5001993B7 /* Debug */,
				E49C02C12993E6C5001993B7 /* Release */,
			);
			defaultConfigurationIsVisible = 0;
			defaultConfigurationName = Release;
		};
		E49C02C22993E6C5001993B7 /* Build configuration list for PBXNativeTarget "SthlmExplorerUITests" */ = {
			isa = XCConfigurationList;
			buildConfigurations = (
				E49C02C32993E6C5001993B7 /* Debug */,
				E49C02C42993E6C5001993B7 /* Release */,
			);
			defaultConfigurationIsVisible = 0;
			defaultConfigurationName = Release;
		};
/* End XCConfigurationList section */

/* Begin XCSwiftPackageProductDependency section */
		E40211AE2993F42300C89C65 /* Model */ = {
			isa = XCSwiftPackageProductDependency;
			productName = Model;
		};
		E40211B52993F82000C89C65 /* Data */ = {
			isa = XCSwiftPackageProductDependency;
			productName = Data;
		};
		E40211B8299403B500C89C65 /* Domain */ = {
			isa = XCSwiftPackageProductDependency;
			productName = Domain;
		};
/* End XCSwiftPackageProductDependency section */
	};
	rootObject = E49C02902993E6C4001993B7 /* Project object */;
}
