// !$*UTF8*$!
{
	archiveVersion = 1;
	classes = {
	};
	objectVersion = 56;
	objects = {

/* Begin PBXBuildFile section */
		E40211AF2993F42300C89C65 /* Model in Frameworks */ = {isa = PBXBuildFile; productRef = E40211AE2993F42300C89C65 /* Model */; };
		E40211B62993F82000C89C65 /* Data in Frameworks */ = {isa = PBXBuildFile; productRef = E40211B52993F82000C89C65 /* Data */; };
		E40211B9299403B500C89C65 /* Domain in Frameworks */ = {isa = PBXBuildFile; productRef = E40211B8299403B500C89C65 /* Domain */; };
		E40211BC2994057100C89C65 /* GoogleService-Info.plist in Resources */ = {isa = PBXBuildFile; fileRef = E40211BB2994057100C89C65 /* GoogleService-Info.plist */; };
		E40211BE2994081D00C89C65 /* AppConfig.swift in Sources */ = {isa = PBXBuildFile; fileRef = E40211BD2994081D00C89C65 /* AppConfig.swift */; };
		E423034E299785C2007FB0A4 /* FavoriteToggleStyle.swift in Sources */ = {isa = PBXBuildFile; fileRef = E423034D299785C2007FB0A4 /* FavoriteToggleStyle.swift */; };
		E42303502997C1F1007FB0A4 /* TravelTipCardView.swift in Sources */ = {isa = PBXBuildFile; fileRef = E423034F2997C1F1007FB0A4 /* TravelTipCardView.swift */; };
		E42303532997C50B007FB0A4 /* RoundedCardModifier.swift in Sources */ = {isa = PBXBuildFile; fileRef = E42303522997C50B007FB0A4 /* RoundedCardModifier.swift */; };
		E42FFA7C29963F7400C17BDA /* Navigation in Frameworks */ = {isa = PBXBuildFile; productRef = E42FFA7B29963F7400C17BDA /* Navigation */; };
		E42FFA80299644FB00C17BDA /* ListView.swift in Sources */ = {isa = PBXBuildFile; fileRef = E42FFA7F299644FB00C17BDA /* ListView.swift */; };
		E42FFA822996451100C17BDA /* ListViewModel.swift in Sources */ = {isa = PBXBuildFile; fileRef = E42FFA812996451100C17BDA /* ListViewModel.swift */; };
		E42FFA842996457700C17BDA /* MapViewModel.swift in Sources */ = {isa = PBXBuildFile; fileRef = E42FFA832996457700C17BDA /* MapViewModel.swift */; };
		E42FFA862996459400C17BDA /* MapView.swift in Sources */ = {isa = PBXBuildFile; fileRef = E42FFA852996459400C17BDA /* MapView.swift */; };
		E42FFA892996487200C17BDA /* Location in Frameworks */ = {isa = PBXBuildFile; productRef = E42FFA882996487200C17BDA /* Location */; };
		E42FFA8C299659D300C17BDA /* TabBarView.swift in Sources */ = {isa = PBXBuildFile; fileRef = E42FFA8B299659D300C17BDA /* TabBarView.swift */; };
		E42FFA8D2996655500C17BDA /* JosefinSans-Bold.ttf in Resources */ = {isa = PBXBuildFile; fileRef = E4375A822995484500A92751 /* JosefinSans-Bold.ttf */; };
		E42FFA8E2996655500C17BDA /* JosefinSans-BoldItalic.ttf in Resources */ = {isa = PBXBuildFile; fileRef = E4375A7B2995484400A92751 /* JosefinSans-BoldItalic.ttf */; };
		E42FFA8F2996655500C17BDA /* JosefinSans-Italic.ttf in Resources */ = {isa = PBXBuildFile; fileRef = E4375A792995484400A92751 /* JosefinSans-Italic.ttf */; };
		E42FFA902996655500C17BDA /* JosefinSans-Light.ttf in Resources */ = {isa = PBXBuildFile; fileRef = E4375A802995484500A92751 /* JosefinSans-Light.ttf */; };
		E42FFA912996655500C17BDA /* JosefinSans-LightItalic.ttf in Resources */ = {isa = PBXBuildFile; fileRef = E4375A832995484500A92751 /* JosefinSans-LightItalic.ttf */; };
		E42FFA922996655500C17BDA /* JosefinSans-Regular.ttf in Resources */ = {isa = PBXBuildFile; fileRef = E4375A7D2995484500A92751 /* JosefinSans-Regular.ttf */; };
		E42FFA932996655500C17BDA /* JosefinSans-SemiBold.ttf in Resources */ = {isa = PBXBuildFile; fileRef = E4375A7E2995484500A92751 /* JosefinSans-SemiBold.ttf */; };
		E42FFA942996655500C17BDA /* JosefinSans-SemiBoldItalic.ttf in Resources */ = {isa = PBXBuildFile; fileRef = E4375A7A2995484400A92751 /* JosefinSans-SemiBoldItalic.ttf */; };
		E42FFA952996655500C17BDA /* JosefinSans-Thin.ttf in Resources */ = {isa = PBXBuildFile; fileRef = E4375A7F2995484500A92751 /* JosefinSans-Thin.ttf */; };
		E42FFA962996655500C17BDA /* JosefinSans-ThinItalic.ttf in Resources */ = {isa = PBXBuildFile; fileRef = E4375A812995484500A92751 /* JosefinSans-ThinItalic.ttf */; };
		E42FFA972996655500C17BDA /* PlayfairDisplay-Bold.ttf in Resources */ = {isa = PBXBuildFile; fileRef = E4375A7C2995484500A92751 /* PlayfairDisplay-Bold.ttf */; };
		E42FFA982996655500C17BDA /* PlayfairDisplay-Regular.ttf in Resources */ = {isa = PBXBuildFile; fileRef = E4375A782995484400A92751 /* PlayfairDisplay-Regular.ttf */; };
		E4375A592995306100A92751 /* RootView.swift in Sources */ = {isa = PBXBuildFile; fileRef = E4375A582995306100A92751 /* RootView.swift */; };
		E4375A5B2995307100A92751 /* RootViewModel.swift in Sources */ = {isa = PBXBuildFile; fileRef = E4375A5A2995307100A92751 /* RootViewModel.swift */; };
		E4375A6F2995416300A92751 /* swiftgen.yml in Resources */ = {isa = PBXBuildFile; fileRef = E4375A6E2995416300A92751 /* swiftgen.yml */; };
		E4375A742995435500A92751 /* en.lproj in Resources */ = {isa = PBXBuildFile; fileRef = E4375A712995435500A92751 /* en.lproj */; };
		E4375A752995435500A92751 /* L10n.swift in Sources */ = {isa = PBXBuildFile; fileRef = E4375A722995435500A92751 /* L10n.swift */; };
		E4375A852995486C00A92751 /* Fonts.swift in Sources */ = {isa = PBXBuildFile; fileRef = E4375A842995486C00A92751 /* Fonts.swift */; };
		E4375A872995489D00A92751 /* FontConvertible+Extension.swift in Sources */ = {isa = PBXBuildFile; fileRef = E4375A862995489D00A92751 /* FontConvertible+Extension.swift */; };
		E4375A89299548D800A92751 /* Assets.swift in Sources */ = {isa = PBXBuildFile; fileRef = E4375A88299548D800A92751 /* Assets.swift */; };
		E4375A8B299548F900A92751 /* Assets+Extension.swift in Sources */ = {isa = PBXBuildFile; fileRef = E4375A8A299548F900A92751 /* Assets+Extension.swift */; };
		E4375A8D29954DD300A92751 /* Dimensions.swift in Sources */ = {isa = PBXBuildFile; fileRef = E4375A8C29954DD300A92751 /* Dimensions.swift */; };
		E4375A8F29954E3300A92751 /* View+TextStyle.swift in Sources */ = {isa = PBXBuildFile; fileRef = E4375A8E29954E3300A92751 /* View+TextStyle.swift */; };
		E43D5265299927BA001A6EB8 /* CustomCorner.swift in Sources */ = {isa = PBXBuildFile; fileRef = E43D5264299927BA001A6EB8 /* CustomCorner.swift */; };
		E45C6416299A2F12009A70E6 /* HeaderTitleView.swift in Sources */ = {isa = PBXBuildFile; fileRef = E45C6415299A2F12009A70E6 /* HeaderTitleView.swift */; };
		E45C6418299A3399009A70E6 /* String+.swift in Sources */ = {isa = PBXBuildFile; fileRef = E45C6417299A3399009A70E6 /* String+.swift */; };
		E45C641A299A3827009A70E6 /* ListOffsetModifier.swift in Sources */ = {isa = PBXBuildFile; fileRef = E45C6419299A3827009A70E6 /* ListOffsetModifier.swift */; };
		E45C641C299A4137009A70E6 /* HeaderFilterView.swift in Sources */ = {isa = PBXBuildFile; fileRef = E45C641B299A4137009A70E6 /* HeaderFilterView.swift */; };
		E45C6420299A449B009A70E6 /* LocationFilter+.swift in Sources */ = {isa = PBXBuildFile; fileRef = E45C641F299A449B009A70E6 /* LocationFilter+.swift */; };
		E45C6422299A64B6009A70E6 /* ExpandableSearchBar.swift in Sources */ = {isa = PBXBuildFile; fileRef = E45C6421299A64B6009A70E6 /* ExpandableSearchBar.swift */; };
		E4648C6829966ED500A0E103 /* LocationCardView.swift in Sources */ = {isa = PBXBuildFile; fileRef = E4648C6729966ED500A0E103 /* LocationCardView.swift */; };
		E472EECF299ACE25007571C4 /* RemoteImageView.swift in Sources */ = {isa = PBXBuildFile; fileRef = E472EECE299ACE25007571C4 /* RemoteImageView.swift */; };
		E472EED1299ACE37007571C4 /* RemoteImageViewModel.swift in Sources */ = {isa = PBXBuildFile; fileRef = E472EED0299ACE37007571C4 /* RemoteImageViewModel.swift */; };
		E472EED3299ACEFB007571C4 /* View+Frame.swift in Sources */ = {isa = PBXBuildFile; fileRef = E472EED2299ACEFB007571C4 /* View+Frame.swift */; };
		E49C029C2993E6C4001993B7 /* SthlmExplorerApp.swift in Sources */ = {isa = PBXBuildFile; fileRef = E49C029B2993E6C4001993B7 /* SthlmExplorerApp.swift */; };
		E49C02A02993E6C5001993B7 /* Assets.xcassets in Resources */ = {isa = PBXBuildFile; fileRef = E49C029F2993E6C5001993B7 /* Assets.xcassets */; };
		E49C02A32993E6C5001993B7 /* Preview Assets.xcassets in Resources */ = {isa = PBXBuildFile; fileRef = E49C02A22993E6C5001993B7 /* Preview Assets.xcassets */; };
		E49C02AD2993E6C5001993B7 /* SthlmExplorerTests.swift in Sources */ = {isa = PBXBuildFile; fileRef = E49C02AC2993E6C5001993B7 /* SthlmExplorerTests.swift */; };
		E49C02B72993E6C5001993B7 /* SthlmExplorerUITests.swift in Sources */ = {isa = PBXBuildFile; fileRef = E49C02B62993E6C5001993B7 /* SthlmExplorerUITests.swift */; };
		E49C02B92993E6C5001993B7 /* SthlmExplorerUITestsLaunchTests.swift in Sources */ = {isa = PBXBuildFile; fileRef = E49C02B82993E6C5001993B7 /* SthlmExplorerUITestsLaunchTests.swift */; };
		E49D71A92996FC9400B7E72C /* NeumorphismButtonStyle.swift in Sources */ = {isa = PBXBuildFile; fileRef = E49D71A82996FC9400B7E72C /* NeumorphismButtonStyle.swift */; };
		E49D71AB2996FD0A00B7E72C /* IconButtonStyle.swift in Sources */ = {isa = PBXBuildFile; fileRef = E49D71AA2996FD0A00B7E72C /* IconButtonStyle.swift */; };
		E4B470D7299E2BC000D8B5A6 /* MapViewRepresentable.swift in Sources */ = {isa = PBXBuildFile; fileRef = E4B470D6299E2BC000D8B5A6 /* MapViewRepresentable.swift */; };
		E4B470D9299E37DD00D8B5A6 /* UIImage+.swift in Sources */ = {isa = PBXBuildFile; fileRef = E4B470D8299E37DD00D8B5A6 /* UIImage+.swift */; };
		E4B470DB299E620000D8B5A6 /* LocationSheetBottomView.swift in Sources */ = {isa = PBXBuildFile; fileRef = E4B470DA299E620000D8B5A6 /* LocationSheetBottomView.swift */; };
		E4D986E4299B861400C7C380 /* Image+SystemImage.swift in Sources */ = {isa = PBXBuildFile; fileRef = E4D986E3299B861400C7C380 /* Image+SystemImage.swift */; };
		E4D986E6299B965900C7C380 /* View+HideKeyboard.swift in Sources */ = {isa = PBXBuildFile; fileRef = E4D986E5299B965900C7C380 /* View+HideKeyboard.swift */; };
		E4D986EB299B9C3500C7C380 /* LocationDetailView.swift in Sources */ = {isa = PBXBuildFile; fileRef = E4D986EA299B9C3500C7C380 /* LocationDetailView.swift */; };
/* End PBXBuildFile section */

/* Begin PBXContainerItemProxy section */
		E49C02A92993E6C5001993B7 /* PBXContainerItemProxy */ = {
			isa = PBXContainerItemProxy;
			containerPortal = E49C02902993E6C4001993B7 /* Project object */;
			proxyType = 1;
			remoteGlobalIDString = E49C02972993E6C4001993B7;
			remoteInfo = SthlmExplorer;
		};
		E49C02B32993E6C5001993B7 /* PBXContainerItemProxy */ = {
			isa = PBXContainerItemProxy;
			containerPortal = E49C02902993E6C4001993B7 /* Project object */;
			proxyType = 1;
			remoteGlobalIDString = E49C02972993E6C4001993B7;
			remoteInfo = SthlmExplorer;
		};
/* End PBXContainerItemProxy section */

/* Begin PBXFileReference section */
		E40211AD2993F37000C89C65 /* Model */ = {isa = PBXFileReference; lastKnownFileType = wrapper; path = Model; sourceTree = "<group>"; };
		E40211B02993F4B900C89C65 /* README.md */ = {isa = PBXFileReference; lastKnownFileType = net.daringfireball.markdown; path = README.md; sourceTree = "<group>"; };
		E40211B42993F80F00C89C65 /* Data */ = {isa = PBXFileReference; lastKnownFileType = wrapper; path = Data; sourceTree = "<group>"; };
		E40211B72994037300C89C65 /* Domain */ = {isa = PBXFileReference; lastKnownFileType = wrapper; path = Domain; sourceTree = "<group>"; };
		E40211BB2994057100C89C65 /* GoogleService-Info.plist */ = {isa = PBXFileReference; fileEncoding = 4; lastKnownFileType = text.plist.xml; path = "GoogleService-Info.plist"; sourceTree = "<group>"; };
		E40211BD2994081D00C89C65 /* AppConfig.swift */ = {isa = PBXFileReference; lastKnownFileType = sourcecode.swift; path = AppConfig.swift; sourceTree = "<group>"; };
		E423034D299785C2007FB0A4 /* FavoriteToggleStyle.swift */ = {isa = PBXFileReference; lastKnownFileType = sourcecode.swift; path = FavoriteToggleStyle.swift; sourceTree = "<group>"; };
		E423034F2997C1F1007FB0A4 /* TravelTipCardView.swift */ = {isa = PBXFileReference; lastKnownFileType = sourcecode.swift; path = TravelTipCardView.swift; sourceTree = "<group>"; };
		E42303522997C50B007FB0A4 /* RoundedCardModifier.swift */ = {isa = PBXFileReference; lastKnownFileType = sourcecode.swift; path = RoundedCardModifier.swift; sourceTree = "<group>"; };
		E42FFA7A29962B4200C17BDA /* Navigation */ = {isa = PBXFileReference; lastKnownFileType = wrapper; path = Navigation; sourceTree = "<group>"; };
		E42FFA7F299644FB00C17BDA /* ListView.swift */ = {isa = PBXFileReference; lastKnownFileType = sourcecode.swift; path = ListView.swift; sourceTree = "<group>"; };
		E42FFA812996451100C17BDA /* ListViewModel.swift */ = {isa = PBXFileReference; lastKnownFileType = sourcecode.swift; path = ListViewModel.swift; sourceTree = "<group>"; };
		E42FFA832996457700C17BDA /* MapViewModel.swift */ = {isa = PBXFileReference; lastKnownFileType = sourcecode.swift; path = MapViewModel.swift; sourceTree = "<group>"; };
		E42FFA852996459400C17BDA /* MapView.swift */ = {isa = PBXFileReference; lastKnownFileType = sourcecode.swift; path = MapView.swift; sourceTree = "<group>"; };
		E42FFA872996480B00C17BDA /* Location */ = {isa = PBXFileReference; lastKnownFileType = wrapper; path = Location; sourceTree = "<group>"; };
		E42FFA8B299659D300C17BDA /* TabBarView.swift */ = {isa = PBXFileReference; lastKnownFileType = sourcecode.swift; path = TabBarView.swift; sourceTree = "<group>"; };
		E4375A582995306100A92751 /* RootView.swift */ = {isa = PBXFileReference; lastKnownFileType = sourcecode.swift; path = RootView.swift; sourceTree = "<group>"; };
		E4375A5A2995307100A92751 /* RootViewModel.swift */ = {isa = PBXFileReference; lastKnownFileType = sourcecode.swift; path = RootViewModel.swift; sourceTree = "<group>"; };
		E4375A6E2995416300A92751 /* swiftgen.yml */ = {isa = PBXFileReference; fileEncoding = 4; lastKnownFileType = text.yaml; path = swiftgen.yml; sourceTree = "<group>"; };
		E4375A712995435500A92751 /* en.lproj */ = {isa = PBXFileReference; lastKnownFileType = folder; path = en.lproj; sourceTree = "<group>"; };
		E4375A722995435500A92751 /* L10n.swift */ = {isa = PBXFileReference; fileEncoding = 4; lastKnownFileType = sourcecode.swift; path = L10n.swift; sourceTree = "<group>"; };
		E4375A782995484400A92751 /* PlayfairDisplay-Regular.ttf */ = {isa = PBXFileReference; lastKnownFileType = file; path = "PlayfairDisplay-Regular.ttf"; sourceTree = "<group>"; };
		E4375A792995484400A92751 /* JosefinSans-Italic.ttf */ = {isa = PBXFileReference; lastKnownFileType = file; path = "JosefinSans-Italic.ttf"; sourceTree = "<group>"; };
		E4375A7A2995484400A92751 /* JosefinSans-SemiBoldItalic.ttf */ = {isa = PBXFileReference; lastKnownFileType = file; path = "JosefinSans-SemiBoldItalic.ttf"; sourceTree = "<group>"; };
		E4375A7B2995484400A92751 /* JosefinSans-BoldItalic.ttf */ = {isa = PBXFileReference; lastKnownFileType = file; path = "JosefinSans-BoldItalic.ttf"; sourceTree = "<group>"; };
		E4375A7C2995484500A92751 /* PlayfairDisplay-Bold.ttf */ = {isa = PBXFileReference; lastKnownFileType = file; path = "PlayfairDisplay-Bold.ttf"; sourceTree = "<group>"; };
		E4375A7D2995484500A92751 /* JosefinSans-Regular.ttf */ = {isa = PBXFileReference; lastKnownFileType = file; path = "JosefinSans-Regular.ttf"; sourceTree = "<group>"; };
		E4375A7E2995484500A92751 /* JosefinSans-SemiBold.ttf */ = {isa = PBXFileReference; lastKnownFileType = file; path = "JosefinSans-SemiBold.ttf"; sourceTree = "<group>"; };
		E4375A7F2995484500A92751 /* JosefinSans-Thin.ttf */ = {isa = PBXFileReference; lastKnownFileType = file; path = "JosefinSans-Thin.ttf"; sourceTree = "<group>"; };
		E4375A802995484500A92751 /* JosefinSans-Light.ttf */ = {isa = PBXFileReference; lastKnownFileType = file; path = "JosefinSans-Light.ttf"; sourceTree = "<group>"; };
		E4375A812995484500A92751 /* JosefinSans-ThinItalic.ttf */ = {isa = PBXFileReference; lastKnownFileType = file; path = "JosefinSans-ThinItalic.ttf"; sourceTree = "<group>"; };
		E4375A822995484500A92751 /* JosefinSans-Bold.ttf */ = {isa = PBXFileReference; lastKnownFileType = file; path = "JosefinSans-Bold.ttf"; sourceTree = "<group>"; };
		E4375A832995484500A92751 /* JosefinSans-LightItalic.ttf */ = {isa = PBXFileReference; lastKnownFileType = file; path = "JosefinSans-LightItalic.ttf"; sourceTree = "<group>"; };
		E4375A842995486C00A92751 /* Fonts.swift */ = {isa = PBXFileReference; fileEncoding = 4; lastKnownFileType = sourcecode.swift; path = Fonts.swift; sourceTree = "<group>"; };
		E4375A862995489D00A92751 /* FontConvertible+Extension.swift */ = {isa = PBXFileReference; lastKnownFileType = sourcecode.swift; path = "FontConvertible+Extension.swift"; sourceTree = "<group>"; };
		E4375A88299548D800A92751 /* Assets.swift */ = {isa = PBXFileReference; fileEncoding = 4; lastKnownFileType = sourcecode.swift; path = Assets.swift; sourceTree = "<group>"; };
		E4375A8A299548F900A92751 /* Assets+Extension.swift */ = {isa = PBXFileReference; lastKnownFileType = sourcecode.swift; path = "Assets+Extension.swift"; sourceTree = "<group>"; };
		E4375A8C29954DD300A92751 /* Dimensions.swift */ = {isa = PBXFileReference; lastKnownFileType = sourcecode.swift; path = Dimensions.swift; sourceTree = "<group>"; };
		E4375A8E29954E3300A92751 /* View+TextStyle.swift */ = {isa = PBXFileReference; lastKnownFileType = sourcecode.swift; path = "View+TextStyle.swift"; sourceTree = "<group>"; };
		E43D5264299927BA001A6EB8 /* CustomCorner.swift */ = {isa = PBXFileReference; lastKnownFileType = sourcecode.swift; path = CustomCorner.swift; sourceTree = "<group>"; };
		E45C6415299A2F12009A70E6 /* HeaderTitleView.swift */ = {isa = PBXFileReference; lastKnownFileType = sourcecode.swift; path = HeaderTitleView.swift; sourceTree = "<group>"; };
		E45C6417299A3399009A70E6 /* String+.swift */ = {isa = PBXFileReference; lastKnownFileType = sourcecode.swift; path = "String+.swift"; sourceTree = "<group>"; };
		E45C6419299A3827009A70E6 /* ListOffsetModifier.swift */ = {isa = PBXFileReference; lastKnownFileType = sourcecode.swift; path = ListOffsetModifier.swift; sourceTree = "<group>"; };
		E45C641B299A4137009A70E6 /* HeaderFilterView.swift */ = {isa = PBXFileReference; lastKnownFileType = sourcecode.swift; path = HeaderFilterView.swift; sourceTree = "<group>"; };
		E45C641F299A449B009A70E6 /* LocationFilter+.swift */ = {isa = PBXFileReference; lastKnownFileType = sourcecode.swift; path = "LocationFilter+.swift"; sourceTree = "<group>"; };
		E45C6421299A64B6009A70E6 /* ExpandableSearchBar.swift */ = {isa = PBXFileReference; lastKnownFileType = sourcecode.swift; path = ExpandableSearchBar.swift; sourceTree = "<group>"; };
		E4648C6729966ED500A0E103 /* LocationCardView.swift */ = {isa = PBXFileReference; lastKnownFileType = sourcecode.swift; path = LocationCardView.swift; sourceTree = "<group>"; };
		E472EECE299ACE25007571C4 /* RemoteImageView.swift */ = {isa = PBXFileReference; lastKnownFileType = sourcecode.swift; path = RemoteImageView.swift; sourceTree = "<group>"; };
		E472EED0299ACE37007571C4 /* RemoteImageViewModel.swift */ = {isa = PBXFileReference; lastKnownFileType = sourcecode.swift; path = RemoteImageViewModel.swift; sourceTree = "<group>"; };
		E472EED2299ACEFB007571C4 /* View+Frame.swift */ = {isa = PBXFileReference; lastKnownFileType = sourcecode.swift; path = "View+Frame.swift"; sourceTree = "<group>"; };
		E49C02982993E6C4001993B7 /* SthlmExplorer.app */ = {isa = PBXFileReference; explicitFileType = wrapper.application; includeInIndex = 0; path = SthlmExplorer.app; sourceTree = BUILT_PRODUCTS_DIR; };
		E49C029B2993E6C4001993B7 /* SthlmExplorerApp.swift */ = {isa = PBXFileReference; lastKnownFileType = sourcecode.swift; path = SthlmExplorerApp.swift; sourceTree = "<group>"; };
		E49C029F2993E6C5001993B7 /* Assets.xcassets */ = {isa = PBXFileReference; lastKnownFileType = folder.assetcatalog; path = Assets.xcassets; sourceTree = "<group>"; };
		E49C02A22993E6C5001993B7 /* Preview Assets.xcassets */ = {isa = PBXFileReference; lastKnownFileType = folder.assetcatalog; path = "Preview Assets.xcassets"; sourceTree = "<group>"; };
		E49C02A82993E6C5001993B7 /* SthlmExplorerTests.xctest */ = {isa = PBXFileReference; explicitFileType = wrapper.cfbundle; includeInIndex = 0; path = SthlmExplorerTests.xctest; sourceTree = BUILT_PRODUCTS_DIR; };
		E49C02AC2993E6C5001993B7 /* SthlmExplorerTests.swift */ = {isa = PBXFileReference; lastKnownFileType = sourcecode.swift; path = SthlmExplorerTests.swift; sourceTree = "<group>"; };
		E49C02B22993E6C5001993B7 /* SthlmExplorerUITests.xctest */ = {isa = PBXFileReference; explicitFileType = wrapper.cfbundle; includeInIndex = 0; path = SthlmExplorerUITests.xctest; sourceTree = BUILT_PRODUCTS_DIR; };
		E49C02B62993E6C5001993B7 /* SthlmExplorerUITests.swift */ = {isa = PBXFileReference; lastKnownFileType = sourcecode.swift; path = SthlmExplorerUITests.swift; sourceTree = "<group>"; };
		E49C02B82993E6C5001993B7 /* SthlmExplorerUITestsLaunchTests.swift */ = {isa = PBXFileReference; lastKnownFileType = sourcecode.swift; path = SthlmExplorerUITestsLaunchTests.swift; sourceTree = "<group>"; };
		E49D71A82996FC9400B7E72C /* NeumorphismButtonStyle.swift */ = {isa = PBXFileReference; lastKnownFileType = sourcecode.swift; path = NeumorphismButtonStyle.swift; sourceTree = "<group>"; };
		E49D71AA2996FD0A00B7E72C /* IconButtonStyle.swift */ = {isa = PBXFileReference; lastKnownFileType = sourcecode.swift; path = IconButtonStyle.swift; sourceTree = "<group>"; };
		E4B470D6299E2BC000D8B5A6 /* MapViewRepresentable.swift */ = {isa = PBXFileReference; lastKnownFileType = sourcecode.swift; path = MapViewRepresentable.swift; sourceTree = "<group>"; };
		E4B470D8299E37DD00D8B5A6 /* UIImage+.swift */ = {isa = PBXFileReference; lastKnownFileType = sourcecode.swift; path = "UIImage+.swift"; sourceTree = "<group>"; };
		E4B470DA299E620000D8B5A6 /* LocationSheetBottomView.swift */ = {isa = PBXFileReference; lastKnownFileType = sourcecode.swift; path = LocationSheetBottomView.swift; sourceTree = "<group>"; };
		E4D986E3299B861400C7C380 /* Image+SystemImage.swift */ = {isa = PBXFileReference; lastKnownFileType = sourcecode.swift; path = "Image+SystemImage.swift"; sourceTree = "<group>"; };
		E4D986E5299B965900C7C380 /* View+HideKeyboard.swift */ = {isa = PBXFileReference; lastKnownFileType = sourcecode.swift; path = "View+HideKeyboard.swift"; sourceTree = "<group>"; };
		E4D986EA299B9C3500C7C380 /* LocationDetailView.swift */ = {isa = PBXFileReference; lastKnownFileType = sourcecode.swift; path = LocationDetailView.swift; sourceTree = "<group>"; };
/* End PBXFileReference section */

/* Begin PBXFrameworksBuildPhase section */
		E49C02952993E6C4001993B7 /* Frameworks */ = {
			isa = PBXFrameworksBuildPhase;
			buildActionMask = 2147483647;
			files = (
				E40211B9299403B500C89C65 /* Domain in Frameworks */,
				E40211B62993F82000C89C65 /* Data in Frameworks */,
				E42FFA7C29963F7400C17BDA /* Navigation in Frameworks */,
				E40211AF2993F42300C89C65 /* Model in Frameworks */,
				E42FFA892996487200C17BDA /* Location in Frameworks */,
			);
			runOnlyForDeploymentPostprocessing = 0;
		};
		E49C02A52993E6C5001993B7 /* Frameworks */ = {
			isa = PBXFrameworksBuildPhase;
			buildActionMask = 2147483647;
			files = (
			);
			runOnlyForDeploymentPostprocessing = 0;
		};
		E49C02AF2993E6C5001993B7 /* Frameworks */ = {
			isa = PBXFrameworksBuildPhase;
			buildActionMask = 2147483647;
			files = (
			);
			runOnlyForDeploymentPostprocessing = 0;
		};
/* End PBXFrameworksBuildPhase section */

/* Begin PBXGroup section */
		E40211BA2994054600C89C65 /* Config */ = {
			isa = PBXGroup;
			children = (
				E40211BB2994057100C89C65 /* GoogleService-Info.plist */,
				E40211BD2994081D00C89C65 /* AppConfig.swift */,
			);
			path = Config;
			sourceTree = "<group>";
		};
		E42303512997C4D5007FB0A4 /* Modifiers */ = {
			isa = PBXGroup;
			children = (
				E42303522997C50B007FB0A4 /* RoundedCardModifier.swift */,
				E45C6419299A3827009A70E6 /* ListOffsetModifier.swift */,
			);
			path = Modifiers;
			sourceTree = "<group>";
		};
		E42FFA7D299644B600C17BDA /* Map */ = {
			isa = PBXGroup;
			children = (
				E4B470D5299E2B9300D8B5A6 /* ViewComponents */,
				E42FFA832996457700C17BDA /* MapViewModel.swift */,
				E42FFA852996459400C17BDA /* MapView.swift */,
			);
			path = Map;
			sourceTree = "<group>";
		};
		E42FFA7E299644BD00C17BDA /* List */ = {
			isa = PBXGroup;
			children = (
				E4648C6629966EBE00A0E103 /* ViewComponents */,
				E42FFA7F299644FB00C17BDA /* ListView.swift */,
				E42FFA812996451100C17BDA /* ListViewModel.swift */,
			);
			path = List;
			sourceTree = "<group>";
		};
		E42FFA8A299659B300C17BDA /* TabBar */ = {
			isa = PBXGroup;
			children = (
				E42FFA8B299659D300C17BDA /* TabBarView.swift */,
			);
			path = TabBar;
			sourceTree = "<group>";
		};
		E4375A562995303700A92751 /* Presentation */ = {
			isa = PBXGroup;
			children = (
				E43D5263299927AB001A6EB8 /* Common */,
				E42303512997C4D5007FB0A4 /* Modifiers */,
				E4375A5E29953BE300A92751 /* Extensions */,
				E4375A5C29953BBF00A92751 /* Flows */,
				E49D71A72996FC6D00B7E72C /* Styles */,
				E4375A5D29953BD700A92751 /* Resources */,
			);
			path = Presentation;
			sourceTree = "<group>";
		};
		E4375A572995304E00A92751 /* Root */ = {
			isa = PBXGroup;
			children = (
				E4375A582995306100A92751 /* RootView.swift */,
				E4375A5A2995307100A92751 /* RootViewModel.swift */,
			);
			path = Root;
			sourceTree = "<group>";
		};
		E4375A5C29953BBF00A92751 /* Flows */ = {
			isa = PBXGroup;
			children = (
				E42FFA7E299644BD00C17BDA /* List */,
				E42FFA7D299644B600C17BDA /* Map */,
				E4375A572995304E00A92751 /* Root */,
				E42FFA8A299659B300C17BDA /* TabBar */,
			);
			path = Flows;
			sourceTree = "<group>";
		};
		E4375A5D29953BD700A92751 /* Resources */ = {
			isa = PBXGroup;
			children = (
				E4375A6129953D4E00A92751 /* Assets */,
				E4375A6029953D3F00A92751 /* Dimensions */,
				E4375A5F29953D3400A92751 /* Fonts */,
				E4375A6229953D5600A92751 /* Strings */,
			);
			path = Resources;
			sourceTree = "<group>";
		};
		E4375A5E29953BE300A92751 /* Extensions */ = {
			isa = PBXGroup;
			children = (
				E4375A8E29954E3300A92751 /* View+TextStyle.swift */,
				E45C6417299A3399009A70E6 /* String+.swift */,
				E45C641F299A449B009A70E6 /* LocationFilter+.swift */,
				E472EED2299ACEFB007571C4 /* View+Frame.swift */,
				E4D986E5299B965900C7C380 /* View+HideKeyboard.swift */,
				E4B470D8299E37DD00D8B5A6 /* UIImage+.swift */,
			);
			path = Extensions;
			sourceTree = "<group>";
		};
		E4375A5F29953D3400A92751 /* Fonts */ = {
			isa = PBXGroup;
			children = (
				E4375A822995484500A92751 /* JosefinSans-Bold.ttf */,
				E4375A7B2995484400A92751 /* JosefinSans-BoldItalic.ttf */,
				E4375A792995484400A92751 /* JosefinSans-Italic.ttf */,
				E4375A802995484500A92751 /* JosefinSans-Light.ttf */,
				E4375A832995484500A92751 /* JosefinSans-LightItalic.ttf */,
				E4375A7D2995484500A92751 /* JosefinSans-Regular.ttf */,
				E4375A7E2995484500A92751 /* JosefinSans-SemiBold.ttf */,
				E4375A7A2995484400A92751 /* JosefinSans-SemiBoldItalic.ttf */,
				E4375A7F2995484500A92751 /* JosefinSans-Thin.ttf */,
				E4375A812995484500A92751 /* JosefinSans-ThinItalic.ttf */,
				E4375A7C2995484500A92751 /* PlayfairDisplay-Bold.ttf */,
				E4375A782995484400A92751 /* PlayfairDisplay-Regular.ttf */,
				E4375A842995486C00A92751 /* Fonts.swift */,
				E4375A862995489D00A92751 /* FontConvertible+Extension.swift */,
			);
			path = Fonts;
			sourceTree = "<group>";
		};
		E4375A6029953D3F00A92751 /* Dimensions */ = {
			isa = PBXGroup;
			children = (
				E4375A8C29954DD300A92751 /* Dimensions.swift */,
			);
			path = Dimensions;
			sourceTree = "<group>";
		};
		E4375A6129953D4E00A92751 /* Assets */ = {
			isa = PBXGroup;
			children = (
				E4375A88299548D800A92751 /* Assets.swift */,
				E4375A8A299548F900A92751 /* Assets+Extension.swift */,
				E49C029F2993E6C5001993B7 /* Assets.xcassets */,
				E4D986E3299B861400C7C380 /* Image+SystemImage.swift */,
			);
			path = Assets;
			sourceTree = "<group>";
		};
		E4375A6229953D5600A92751 /* Strings */ = {
			isa = PBXGroup;
			children = (
				E4375A722995435500A92751 /* L10n.swift */,
				E4375A712995435500A92751 /* en.lproj */,
			);
			path = Strings;
			sourceTree = "<group>";
		};
		E43D5263299927AB001A6EB8 /* Common */ = {
			isa = PBXGroup;
			children = (
				E472EECC299ACDF0007571C4 /* ViewComponents */,
				E43D5264299927BA001A6EB8 /* CustomCorner.swift */,
			);
			path = Common;
			sourceTree = "<group>";
		};
		E45C641D299A413D009A70E6 /* Header */ = {
			isa = PBXGroup;
			children = (
				E45C641B299A4137009A70E6 /* HeaderFilterView.swift */,
				E45C6415299A2F12009A70E6 /* HeaderTitleView.swift */,
				E45C6421299A64B6009A70E6 /* ExpandableSearchBar.swift */,
			);
			path = Header;
			sourceTree = "<group>";
		};
		E45C641E299A4145009A70E6 /* Cards */ = {
			isa = PBXGroup;
			children = (
				E4648C6729966ED500A0E103 /* LocationCardView.swift */,
				E423034F2997C1F1007FB0A4 /* TravelTipCardView.swift */,
			);
			path = Cards;
			sourceTree = "<group>";
		};
		E4648C6629966EBE00A0E103 /* ViewComponents */ = {
			isa = PBXGroup;
			children = (
				E492D1FA299D1F3A00AD7374 /* Detail */,
				E45C641E299A4145009A70E6 /* Cards */,
				E45C641D299A413D009A70E6 /* Header */,
			);
			path = ViewComponents;
			sourceTree = "<group>";
		};
		E472EECC299ACDF0007571C4 /* ViewComponents */ = {
			isa = PBXGroup;
			children = (
				E472EECD299ACE06007571C4 /* RemoteImageView */,
			);
			path = ViewComponents;
			sourceTree = "<group>";
		};
		E472EECD299ACE06007571C4 /* RemoteImageView */ = {
			isa = PBXGroup;
			children = (
				E472EECE299ACE25007571C4 /* RemoteImageView.swift */,
				E472EED0299ACE37007571C4 /* RemoteImageViewModel.swift */,
			);
			path = RemoteImageView;
			sourceTree = "<group>";
		};
		E492D1FA299D1F3A00AD7374 /* Detail */ = {
			isa = PBXGroup;
			children = (
				E4D986EA299B9C3500C7C380 /* LocationDetailView.swift */,
			);
			path = Detail;
			sourceTree = "<group>";
		};
		E49C028F2993E6C4001993B7 = {
			isa = PBXGroup;
			children = (
				E4375A6E2995416300A92751 /* swiftgen.yml */,
				E40211B02993F4B900C89C65 /* README.md */,
				E40211B42993F80F00C89C65 /* Data */,
				E40211B72994037300C89C65 /* Domain */,
				E42FFA872996480B00C17BDA /* Location */,
				E40211AD2993F37000C89C65 /* Model */,
				E42FFA7A29962B4200C17BDA /* Navigation */,
				E49C029A2993E6C4001993B7 /* SthlmExplorer */,
				E49C02AB2993E6C5001993B7 /* SthlmExplorerTests */,
				E49C02B52993E6C5001993B7 /* SthlmExplorerUITests */,
				E49C02992993E6C4001993B7 /* Products */,
				E49C02C62993E837001993B7 /* Frameworks */,
			);
			sourceTree = "<group>";
		};
		E49C02992993E6C4001993B7 /* Products */ = {
			isa = PBXGroup;
			children = (
				E49C02982993E6C4001993B7 /* SthlmExplorer.app */,
				E49C02A82993E6C5001993B7 /* SthlmExplorerTests.xctest */,
				E49C02B22993E6C5001993B7 /* SthlmExplorerUITests.xctest */,
			);
			name = Products;
			sourceTree = "<group>";
		};
		E49C029A2993E6C4001993B7 /* SthlmExplorer */ = {
			isa = PBXGroup;
			children = (
				E40211BA2994054600C89C65 /* Config */,
				E4375A562995303700A92751 /* Presentation */,
				E49C029B2993E6C4001993B7 /* SthlmExplorerApp.swift */,
				E49C02A12993E6C5001993B7 /* Preview Content */,
			);
			path = SthlmExplorer;
			sourceTree = "<group>";
		};
		E49C02A12993E6C5001993B7 /* Preview Content */ = {
			isa = PBXGroup;
			children = (
				E49C02A22993E6C5001993B7 /* Preview Assets.xcassets */,
			);
			path = "Preview Content";
			sourceTree = "<group>";
		};
		E49C02AB2993E6C5001993B7 /* SthlmExplorerTests */ = {
			isa = PBXGroup;
			children = (
				E49C02AC2993E6C5001993B7 /* SthlmExplorerTests.swift */,
			);
			path = SthlmExplorerTests;
			sourceTree = "<group>";
		};
		E49C02B52993E6C5001993B7 /* SthlmExplorerUITests */ = {
			isa = PBXGroup;
			children = (
				E49C02B62993E6C5001993B7 /* SthlmExplorerUITests.swift */,
				E49C02B82993E6C5001993B7 /* SthlmExplorerUITestsLaunchTests.swift */,
			);
			path = SthlmExplorerUITests;
			sourceTree = "<group>";
		};
		E49C02C62993E837001993B7 /* Frameworks */ = {
			isa = PBXGroup;
			children = (
			);
			name = Frameworks;
			sourceTree = "<group>";
		};
		E49D71A72996FC6D00B7E72C /* Styles */ = {
			isa = PBXGroup;
			children = (
				E49D71A82996FC9400B7E72C /* NeumorphismButtonStyle.swift */,
				E49D71AA2996FD0A00B7E72C /* IconButtonStyle.swift */,
				E423034D299785C2007FB0A4 /* FavoriteToggleStyle.swift */,
			);
			path = Styles;
			sourceTree = "<group>";
		};
		E4B470D5299E2B9300D8B5A6 /* ViewComponents */ = {
			isa = PBXGroup;
			children = (
				E4B470D6299E2BC000D8B5A6 /* MapViewRepresentable.swift */,
				E4B470DA299E620000D8B5A6 /* LocationSheetBottomView.swift */,
			);
			path = ViewComponents;
			sourceTree = "<group>";
		};
/* End PBXGroup section */

/* Begin PBXNativeTarget section */
		E49C02972993E6C4001993B7 /* SthlmExplorer */ = {
			isa = PBXNativeTarget;
			buildConfigurationList = E49C02BC2993E6C5001993B7 /* Build configuration list for PBXNativeTarget "SthlmExplorer" */;
			buildPhases = (
				E49C02942993E6C4001993B7 /* Sources */,
				E49C02952993E6C4001993B7 /* Frameworks */,
				E49C02962993E6C4001993B7 /* Resources */,
			);
			buildRules = (
			);
			dependencies = (
			);
			name = SthlmExplorer;
			packageProductDependencies = (
				E40211AE2993F42300C89C65 /* Model */,
				E40211B52993F82000C89C65 /* Data */,
				E40211B8299403B500C89C65 /* Domain */,
				E42FFA7B29963F7400C17BDA /* Navigation */,
				E42FFA882996487200C17BDA /* Location */,
			);
			productName = SthlmExplorer;
			productReference = E49C02982993E6C4001993B7 /* SthlmExplorer.app */;
			productType = "com.apple.product-type.application";
		};
		E49C02A72993E6C5001993B7 /* SthlmExplorerTests */ = {
			isa = PBXNativeTarget;
			buildConfigurationList = E49C02BF2993E6C5001993B7 /* Build configuration list for PBXNativeTarget "SthlmExplorerTests" */;
			buildPhases = (
				E49C02A42993E6C5001993B7 /* Sources */,
				E49C02A52993E6C5001993B7 /* Frameworks */,
				E49C02A62993E6C5001993B7 /* Resources */,
			);
			buildRules = (
			);
			dependencies = (
				E49C02AA2993E6C5001993B7 /* PBXTargetDependency */,
			);
			name = SthlmExplorerTests;
			productName = SthlmExplorerTests;
			productReference = E49C02A82993E6C5001993B7 /* SthlmExplorerTests.xctest */;
			productType = "com.apple.product-type.bundle.unit-test";
		};
		E49C02B12993E6C5001993B7 /* SthlmExplorerUITests */ = {
			isa = PBXNativeTarget;
			buildConfigurationList = E49C02C22993E6C5001993B7 /* Build configuration list for PBXNativeTarget "SthlmExplorerUITests" */;
			buildPhases = (
				E49C02AE2993E6C5001993B7 /* Sources */,
				E49C02AF2993E6C5001993B7 /* Frameworks */,
				E49C02B02993E6C5001993B7 /* Resources */,
			);
			buildRules = (
			);
			dependencies = (
				E49C02B42993E6C5001993B7 /* PBXTargetDependency */,
			);
			name = SthlmExplorerUITests;
			productName = SthlmExplorerUITests;
			productReference = E49C02B22993E6C5001993B7 /* SthlmExplorerUITests.xctest */;
			productType = "com.apple.product-type.bundle.ui-testing";
		};
/* End PBXNativeTarget section */

/* Begin PBXProject section */
		E49C02902993E6C4001993B7 /* Project object */ = {
			isa = PBXProject;
			attributes = {
				BuildIndependentTargetsInParallel = 1;
				LastSwiftUpdateCheck = 1420;
				LastUpgradeCheck = 1420;
				TargetAttributes = {
					E49C02972993E6C4001993B7 = {
						CreatedOnToolsVersion = 14.2;
					};
					E49C02A72993E6C5001993B7 = {
						CreatedOnToolsVersion = 14.2;
						TestTargetID = E49C02972993E6C4001993B7;
					};
					E49C02B12993E6C5001993B7 = {
						CreatedOnToolsVersion = 14.2;
						TestTargetID = E49C02972993E6C4001993B7;
					};
				};
			};
			buildConfigurationList = E49C02932993E6C4001993B7 /* Build configuration list for PBXProject "SthlmExplorer" */;
			compatibilityVersion = "Xcode 14.0";
			developmentRegion = en;
			hasScannedForEncodings = 0;
			knownRegions = (
				en,
				Base,
			);
			mainGroup = E49C028F2993E6C4001993B7;
			productRefGroup = E49C02992993E6C4001993B7 /* Products */;
			projectDirPath = "";
			projectRoot = "";
			targets = (
				E49C02972993E6C4001993B7 /* SthlmExplorer */,
				E49C02A72993E6C5001993B7 /* SthlmExplorerTests */,
				E49C02B12993E6C5001993B7 /* SthlmExplorerUITests */,
			);
		};
/* End PBXProject section */

/* Begin PBXResourcesBuildPhase section */
		E49C02962993E6C4001993B7 /* Resources */ = {
			isa = PBXResourcesBuildPhase;
			buildActionMask = 2147483647;
			files = (
				E42FFA8D2996655500C17BDA /* JosefinSans-Bold.ttf in Resources */,
				E42FFA8E2996655500C17BDA /* JosefinSans-BoldItalic.ttf in Resources */,
				E42FFA8F2996655500C17BDA /* JosefinSans-Italic.ttf in Resources */,
				E42FFA902996655500C17BDA /* JosefinSans-Light.ttf in Resources */,
				E42FFA912996655500C17BDA /* JosefinSans-LightItalic.ttf in Resources */,
				E42FFA922996655500C17BDA /* JosefinSans-Regular.ttf in Resources */,
				E42FFA932996655500C17BDA /* JosefinSans-SemiBold.ttf in Resources */,
				E42FFA942996655500C17BDA /* JosefinSans-SemiBoldItalic.ttf in Resources */,
				E42FFA952996655500C17BDA /* JosefinSans-Thin.ttf in Resources */,
				E42FFA962996655500C17BDA /* JosefinSans-ThinItalic.ttf in Resources */,
				E42FFA972996655500C17BDA /* PlayfairDisplay-Bold.ttf in Resources */,
				E42FFA982996655500C17BDA /* PlayfairDisplay-Regular.ttf in Resources */,
				E4375A742995435500A92751 /* en.lproj in Resources */,
				E49C02A32993E6C5001993B7 /* Preview Assets.xcassets in Resources */,
				E4375A6F2995416300A92751 /* swiftgen.yml in Resources */,
				E49C02A02993E6C5001993B7 /* Assets.xcassets in Resources */,
				E40211BC2994057100C89C65 /* GoogleService-Info.plist in Resources */,
			);
			runOnlyForDeploymentPostprocessing = 0;
		};
		E49C02A62993E6C5001993B7 /* Resources */ = {
			isa = PBXResourcesBuildPhase;
			buildActionMask = 2147483647;
			files = (
			);
			runOnlyForDeploymentPostprocessing = 0;
		};
		E49C02B02993E6C5001993B7 /* Resources */ = {
			isa = PBXResourcesBuildPhase;
			buildActionMask = 2147483647;
			files = (
			);
			runOnlyForDeploymentPostprocessing = 0;
		};
/* End PBXResourcesBuildPhase section */

/* Begin PBXSourcesBuildPhase section */
		E49C02942993E6C4001993B7 /* Sources */ = {
			isa = PBXSourcesBuildPhase;
			buildActionMask = 2147483647;
			files = (
				E4375A5B2995307100A92751 /* RootViewModel.swift in Sources */,
				E472EED3299ACEFB007571C4 /* View+Frame.swift in Sources */,
				E4D986EB299B9C3500C7C380 /* LocationDetailView.swift in Sources */,
				E45C6416299A2F12009A70E6 /* HeaderTitleView.swift in Sources */,
				E4375A8F29954E3300A92751 /* View+TextStyle.swift in Sources */,
				E42FFA8C299659D300C17BDA /* TabBarView.swift in Sources */,
				E4375A592995306100A92751 /* RootView.swift in Sources */,
				E4375A89299548D800A92751 /* Assets.swift in Sources */,
				E4D986E4299B861400C7C380 /* Image+SystemImage.swift in Sources */,
				E40211BE2994081D00C89C65 /* AppConfig.swift in Sources */,
				E49C029C2993E6C4001993B7 /* SthlmExplorerApp.swift in Sources */,
				E4648C6829966ED500A0E103 /* LocationCardView.swift in Sources */,
				E45C6418299A3399009A70E6 /* String+.swift in Sources */,
				E4B470D9299E37DD00D8B5A6 /* UIImage+.swift in Sources */,
				E43D5265299927BA001A6EB8 /* CustomCorner.swift in Sources */,
				E4375A852995486C00A92751 /* Fonts.swift in Sources */,
				E49D71AB2996FD0A00B7E72C /* IconButtonStyle.swift in Sources */,
				E42FFA862996459400C17BDA /* MapView.swift in Sources */,
				E472EECF299ACE25007571C4 /* RemoteImageView.swift in Sources */,
				E472EED1299ACE37007571C4 /* RemoteImageViewModel.swift in Sources */,
				E423034E299785C2007FB0A4 /* FavoriteToggleStyle.swift in Sources */,
				E45C641A299A3827009A70E6 /* ListOffsetModifier.swift in Sources */,
				E4375A8D29954DD300A92751 /* Dimensions.swift in Sources */,
				E4B470D7299E2BC000D8B5A6 /* MapViewRepresentable.swift in Sources */,
				E4D986E6299B965900C7C380 /* View+HideKeyboard.swift in Sources */,
				E42FFA80299644FB00C17BDA /* ListView.swift in Sources */,
				E45C641C299A4137009A70E6 /* HeaderFilterView.swift in Sources */,
				E42FFA822996451100C17BDA /* ListViewModel.swift in Sources */,
				E45C6420299A449B009A70E6 /* LocationFilter+.swift in Sources */,
				E4375A752995435500A92751 /* L10n.swift in Sources */,
				E4B470DB299E620000D8B5A6 /* LocationSheetBottomView.swift in Sources */,
				E42303532997C50B007FB0A4 /* RoundedCardModifier.swift in Sources */,
				E42FFA842996457700C17BDA /* MapViewModel.swift in Sources */,
				E42303502997C1F1007FB0A4 /* TravelTipCardView.swift in Sources */,
				E49D71A92996FC9400B7E72C /* NeumorphismButtonStyle.swift in Sources */,
				E45C6422299A64B6009A70E6 /* ExpandableSearchBar.swift in Sources */,
				E4375A872995489D00A92751 /* FontConvertible+Extension.swift in Sources */,
				E4375A8B299548F900A92751 /* Assets+Extension.swift in Sources */,
			);
			runOnlyForDeploymentPostprocessing = 0;
		};
		E49C02A42993E6C5001993B7 /* Sources */ = {
			isa = PBXSourcesBuildPhase;
			buildActionMask = 2147483647;
			files = (
				E49C02AD2993E6C5001993B7 /* SthlmExplorerTests.swift in Sources */,
			);
			runOnlyForDeploymentPostprocessing = 0;
		};
		E49C02AE2993E6C5001993B7 /* Sources */ = {
			isa = PBXSourcesBuildPhase;
			buildActionMask = 2147483647;
			files = (
				E49C02B92993E6C5001993B7 /* SthlmExplorerUITestsLaunchTests.swift in Sources */,
				E49C02B72993E6C5001993B7 /* SthlmExplorerUITests.swift in Sources */,
			);
			runOnlyForDeploymentPostprocessing = 0;
		};
/* End PBXSourcesBuildPhase section */

/* Begin PBXTargetDependency section */
		E49C02AA2993E6C5001993B7 /* PBXTargetDependency */ = {
			isa = PBXTargetDependency;
			target = E49C02972993E6C4001993B7 /* SthlmExplorer */;
			targetProxy = E49C02A92993E6C5001993B7 /* PBXContainerItemProxy */;
		};
		E49C02B42993E6C5001993B7 /* PBXTargetDependency */ = {
			isa = PBXTargetDependency;
			target = E49C02972993E6C4001993B7 /* SthlmExplorer */;
			targetProxy = E49C02B32993E6C5001993B7 /* PBXContainerItemProxy */;
		};
/* End PBXTargetDependency section */

/* Begin XCBuildConfiguration section */
		E49C02BA2993E6C5001993B7 /* Debug */ = {
			isa = XCBuildConfiguration;
			buildSettings = {
				ALWAYS_SEARCH_USER_PATHS = NO;
				CLANG_ANALYZER_NONNULL = YES;
				CLANG_ANALYZER_NUMBER_OBJECT_CONVERSION = YES_AGGRESSIVE;
				CLANG_CXX_LANGUAGE_STANDARD = "gnu++20";
				CLANG_ENABLE_MODULES = YES;
				CLANG_ENABLE_OBJC_ARC = YES;
				CLANG_ENABLE_OBJC_WEAK = YES;
				CLANG_WARN_BLOCK_CAPTURE_AUTORELEASING = YES;
				CLANG_WARN_BOOL_CONVERSION = YES;
				CLANG_WARN_COMMA = YES;
				CLANG_WARN_CONSTANT_CONVERSION = YES;
				CLANG_WARN_DEPRECATED_OBJC_IMPLEMENTATIONS = YES;
				CLANG_WARN_DIRECT_OBJC_ISA_USAGE = YES_ERROR;
				CLANG_WARN_DOCUMENTATION_COMMENTS = YES;
				CLANG_WARN_EMPTY_BODY = YES;
				CLANG_WARN_ENUM_CONVERSION = YES;
				CLANG_WARN_INFINITE_RECURSION = YES;
				CLANG_WARN_INT_CONVERSION = YES;
				CLANG_WARN_NON_LITERAL_NULL_CONVERSION = YES;
				CLANG_WARN_OBJC_IMPLICIT_RETAIN_SELF = YES;
				CLANG_WARN_OBJC_LITERAL_CONVERSION = YES;
				CLANG_WARN_OBJC_ROOT_CLASS = YES_ERROR;
				CLANG_WARN_QUOTED_INCLUDE_IN_FRAMEWORK_HEADER = YES;
				CLANG_WARN_RANGE_LOOP_ANALYSIS = YES;
				CLANG_WARN_STRICT_PROTOTYPES = YES;
				CLANG_WARN_SUSPICIOUS_MOVE = YES;
				CLANG_WARN_UNGUARDED_AVAILABILITY = YES_AGGRESSIVE;
				CLANG_WARN_UNREACHABLE_CODE = YES;
				CLANG_WARN__DUPLICATE_METHOD_MATCH = YES;
				COPY_PHASE_STRIP = NO;
				DEBUG_INFORMATION_FORMAT = dwarf;
				ENABLE_STRICT_OBJC_MSGSEND = YES;
				ENABLE_TESTABILITY = YES;
				GCC_C_LANGUAGE_STANDARD = gnu11;
				GCC_DYNAMIC_NO_PIC = NO;
				GCC_NO_COMMON_BLOCKS = YES;
				GCC_OPTIMIZATION_LEVEL = 0;
				GCC_PREPROCESSOR_DEFINITIONS = (
					"DEBUG=1",
					"$(inherited)",
				);
				GCC_WARN_64_TO_32_BIT_CONVERSION = YES;
				GCC_WARN_ABOUT_RETURN_TYPE = YES_ERROR;
				GCC_WARN_UNDECLARED_SELECTOR = YES;
				GCC_WARN_UNINITIALIZED_AUTOS = YES_AGGRESSIVE;
				GCC_WARN_UNUSED_FUNCTION = YES;
				GCC_WARN_UNUSED_VARIABLE = YES;
				IPHONEOS_DEPLOYMENT_TARGET = 16.2;
				MTL_ENABLE_DEBUG_INFO = INCLUDE_SOURCE;
				MTL_FAST_MATH = YES;
				ONLY_ACTIVE_ARCH = YES;
				SDKROOT = iphoneos;
				SWIFT_ACTIVE_COMPILATION_CONDITIONS = DEBUG;
				SWIFT_OPTIMIZATION_LEVEL = "-Onone";
			};
			name = Debug;
		};
		E49C02BB2993E6C5001993B7 /* Release */ = {
			isa = XCBuildConfiguration;
			buildSettings = {
				ALWAYS_SEARCH_USER_PATHS = NO;
				CLANG_ANALYZER_NONNULL = YES;
				CLANG_ANALYZER_NUMBER_OBJECT_CONVERSION = YES_AGGRESSIVE;
				CLANG_CXX_LANGUAGE_STANDARD = "gnu++20";
				CLANG_ENABLE_MODULES = YES;
				CLANG_ENABLE_OBJC_ARC = YES;
				CLANG_ENABLE_OBJC_WEAK = YES;
				CLANG_WARN_BLOCK_CAPTURE_AUTORELEASING = YES;
				CLANG_WARN_BOOL_CONVERSION = YES;
				CLANG_WARN_COMMA = YES;
				CLANG_WARN_CONSTANT_CONVERSION = YES;
				CLANG_WARN_DEPRECATED_OBJC_IMPLEMENTATIONS = YES;
				CLANG_WARN_DIRECT_OBJC_ISA_USAGE = YES_ERROR;
				CLANG_WARN_DOCUMENTATION_COMMENTS = YES;
				CLANG_WARN_EMPTY_BODY = YES;
				CLANG_WARN_ENUM_CONVERSION = YES;
				CLANG_WARN_INFINITE_RECURSION = YES;
				CLANG_WARN_INT_CONVERSION = YES;
				CLANG_WARN_NON_LITERAL_NULL_CONVERSION = YES;
				CLANG_WARN_OBJC_IMPLICIT_RETAIN_SELF = YES;
				CLANG_WARN_OBJC_LITERAL_CONVERSION = YES;
				CLANG_WARN_OBJC_ROOT_CLASS = YES_ERROR;
				CLANG_WARN_QUOTED_INCLUDE_IN_FRAMEWORK_HEADER = YES;
				CLANG_WARN_RANGE_LOOP_ANALYSIS = YES;
				CLANG_WARN_STRICT_PROTOTYPES = YES;
				CLANG_WARN_SUSPICIOUS_MOVE = YES;
				CLANG_WARN_UNGUARDED_AVAILABILITY = YES_AGGRESSIVE;
				CLANG_WARN_UNREACHABLE_CODE = YES;
				CLANG_WARN__DUPLICATE_METHOD_MATCH = YES;
				COPY_PHASE_STRIP = NO;
				DEBUG_INFORMATION_FORMAT = "dwarf-with-dsym";
				ENABLE_NS_ASSERTIONS = NO;
				ENABLE_STRICT_OBJC_MSGSEND = YES;
				GCC_C_LANGUAGE_STANDARD = gnu11;
				GCC_NO_COMMON_BLOCKS = YES;
				GCC_WARN_64_TO_32_BIT_CONVERSION = YES;
				GCC_WARN_ABOUT_RETURN_TYPE = YES_ERROR;
				GCC_WARN_UNDECLARED_SELECTOR = YES;
				GCC_WARN_UNINITIALIZED_AUTOS = YES_AGGRESSIVE;
				GCC_WARN_UNUSED_FUNCTION = YES;
				GCC_WARN_UNUSED_VARIABLE = YES;
				IPHONEOS_DEPLOYMENT_TARGET = 16.2;
				MTL_ENABLE_DEBUG_INFO = NO;
				MTL_FAST_MATH = YES;
				SDKROOT = iphoneos;
				SWIFT_COMPILATION_MODE = wholemodule;
				SWIFT_OPTIMIZATION_LEVEL = "-O";
				VALIDATE_PRODUCT = YES;
			};
			name = Release;
		};
		E49C02BD2993E6C5001993B7 /* Debug */ = {
			isa = XCBuildConfiguration;
			buildSettings = {
				ASSETCATALOG_COMPILER_APPICON_NAME = AppIcon;
				ASSETCATALOG_COMPILER_GLOBAL_ACCENT_COLOR_NAME = AccentColor;
				CODE_SIGN_STYLE = Automatic;
				CURRENT_PROJECT_VERSION = 1;
				DEVELOPMENT_ASSET_PATHS = "\"SthlmExplorer/Preview Content\"";
				DEVELOPMENT_TEAM = 58276YCSXY;
				ENABLE_PREVIEWS = YES;
				GENERATE_INFOPLIST_FILE = YES;
				INFOPLIST_KEY_NSLocationWhenInUseUsageDescription = "Needed to guide you to locations";
				INFOPLIST_KEY_UIApplicationSceneManifest_Generation = YES;
				INFOPLIST_KEY_UIApplicationSupportsIndirectInputEvents = YES;
				INFOPLIST_KEY_UILaunchScreen_Generation = YES;
				INFOPLIST_KEY_UISupportedInterfaceOrientations_iPad = "UIInterfaceOrientationPortrait UIInterfaceOrientationPortraitUpsideDown UIInterfaceOrientationLandscapeLeft UIInterfaceOrientationLandscapeRight";
				INFOPLIST_KEY_UISupportedInterfaceOrientations_iPhone = "UIInterfaceOrientationPortrait UIInterfaceOrientationLandscapeLeft UIInterfaceOrientationLandscapeRight";
				IPHONEOS_DEPLOYMENT_TARGET = 16.0;
				LD_RUNPATH_SEARCH_PATHS = (
					"$(inherited)",
					"@executable_path/Frameworks",
				);
				MARKETING_VERSION = 1.0;
				PRODUCT_BUNDLE_IDENTIFIER = com.olof.SthlmExplorer;
				PRODUCT_NAME = "$(TARGET_NAME)";
				SWIFT_EMIT_LOC_STRINGS = YES;
				SWIFT_VERSION = 5.0;
				TARGETED_DEVICE_FAMILY = "1,2";
			};
			name = Debug;
		};
		E49C02BE2993E6C5001993B7 /* Release */ = {
			isa = XCBuildConfiguration;
			buildSettings = {
				ASSETCATALOG_COMPILER_APPICON_NAME = AppIcon;
				ASSETCATALOG_COMPILER_GLOBAL_ACCENT_COLOR_NAME = AccentColor;
				CODE_SIGN_STYLE = Automatic;
				CURRENT_PROJECT_VERSION = 1;
				DEVELOPMENT_ASSET_PATHS = "\"SthlmExplorer/Preview Content\"";
				DEVELOPMENT_TEAM = 58276YCSXY;
				ENABLE_PREVIEWS = YES;
				GENERATE_INFOPLIST_FILE = YES;
				INFOPLIST_KEY_NSLocationWhenInUseUsageDescription = "Needed to guide you to locations";
				INFOPLIST_KEY_UIApplicationSceneManifest_Generation = YES;
				INFOPLIST_KEY_UIApplicationSupportsIndirectInputEvents = YES;
				INFOPLIST_KEY_UILaunchScreen_Generation = YES;
				INFOPLIST_KEY_UISupportedInterfaceOrientations_iPad = "UIInterfaceOrientationPortrait UIInterfaceOrientationPortraitUpsideDown UIInterfaceOrientationLandscapeLeft UIInterfaceOrientationLandscapeRight";
				INFOPLIST_KEY_UISupportedInterfaceOrientations_iPhone = "UIInterfaceOrientationPortrait UIInterfaceOrientationLandscapeLeft UIInterfaceOrientationLandscapeRight";
				IPHONEOS_DEPLOYMENT_TARGET = 16.0;
				LD_RUNPATH_SEARCH_PATHS = (
					"$(inherited)",
					"@executable_path/Frameworks",
				);
				MARKETING_VERSION = 1.0;
				PRODUCT_BUNDLE_IDENTIFIER = com.olof.SthlmExplorer;
				PRODUCT_NAME = "$(TARGET_NAME)";
				SWIFT_EMIT_LOC_STRINGS = YES;
				SWIFT_VERSION = 5.0;
				TARGETED_DEVICE_FAMILY = "1,2";
			};
			name = Release;
		};
		E49C02C02993E6C5001993B7 /* Debug */ = {
			isa = XCBuildConfiguration;
			buildSettings = {
				ALWAYS_EMBED_SWIFT_STANDARD_LIBRARIES = YES;
				BUNDLE_LOADER = "$(TEST_HOST)";
				CODE_SIGN_STYLE = Automatic;
				CURRENT_PROJECT_VERSION = 1;
				DEVELOPMENT_TEAM = 58276YCSXY;
				GENERATE_INFOPLIST_FILE = YES;
				IPHONEOS_DEPLOYMENT_TARGET = 16.2;
				MARKETING_VERSION = 1.0;
				PRODUCT_BUNDLE_IDENTIFIER = com.olof.SthlmExplorerTests;
				PRODUCT_NAME = "$(TARGET_NAME)";
				SWIFT_EMIT_LOC_STRINGS = NO;
				SWIFT_VERSION = 5.0;
				TARGETED_DEVICE_FAMILY = "1,2";
				TEST_HOST = "$(BUILT_PRODUCTS_DIR)/SthlmExplorer.app/$(BUNDLE_EXECUTABLE_FOLDER_PATH)/SthlmExplorer";
			};
			name = Debug;
		};
		E49C02C12993E6C5001993B7 /* Release */ = {
			isa = XCBuildConfiguration;
			buildSettings = {
				ALWAYS_EMBED_SWIFT_STANDARD_LIBRARIES = YES;
				BUNDLE_LOADER = "$(TEST_HOST)";
				CODE_SIGN_STYLE = Automatic;
				CURRENT_PROJECT_VERSION = 1;
				DEVELOPMENT_TEAM = 58276YCSXY;
				GENERATE_INFOPLIST_FILE = YES;
				IPHONEOS_DEPLOYMENT_TARGET = 16.2;
				MARKETING_VERSION = 1.0;
				PRODUCT_BUNDLE_IDENTIFIER = com.olof.SthlmExplorerTests;
				PRODUCT_NAME = "$(TARGET_NAME)";
				SWIFT_EMIT_LOC_STRINGS = NO;
				SWIFT_VERSION = 5.0;
				TARGETED_DEVICE_FAMILY = "1,2";
				TEST_HOST = "$(BUILT_PRODUCTS_DIR)/SthlmExplorer.app/$(BUNDLE_EXECUTABLE_FOLDER_PATH)/SthlmExplorer";
			};
			name = Release;
		};
		E49C02C32993E6C5001993B7 /* Debug */ = {
			isa = XCBuildConfiguration;
			buildSettings = {
				ALWAYS_EMBED_SWIFT_STANDARD_LIBRARIES = YES;
				CODE_SIGN_STYLE = Automatic;
				CURRENT_PROJECT_VERSION = 1;
				DEVELOPMENT_TEAM = 58276YCSXY;
				GENERATE_INFOPLIST_FILE = YES;
				MARKETING_VERSION = 1.0;
				PRODUCT_BUNDLE_IDENTIFIER = com.olof.SthlmExplorerUITests;
				PRODUCT_NAME = "$(TARGET_NAME)";
				SWIFT_EMIT_LOC_STRINGS = NO;
				SWIFT_VERSION = 5.0;
				TARGETED_DEVICE_FAMILY = "1,2";
				TEST_TARGET_NAME = SthlmExplorer;
			};
			name = Debug;
		};
		E49C02C42993E6C5001993B7 /* Release */ = {
			isa = XCBuildConfiguration;
			buildSettings = {
				ALWAYS_EMBED_SWIFT_STANDARD_LIBRARIES = YES;
				CODE_SIGN_STYLE = Automatic;
				CURRENT_PROJECT_VERSION = 1;
				DEVELOPMENT_TEAM = 58276YCSXY;
				GENERATE_INFOPLIST_FILE = YES;
				MARKETING_VERSION = 1.0;
				PRODUCT_BUNDLE_IDENTIFIER = com.olof.SthlmExplorerUITests;
				PRODUCT_NAME = "$(TARGET_NAME)";
				SWIFT_EMIT_LOC_STRINGS = NO;
				SWIFT_VERSION = 5.0;
				TARGETED_DEVICE_FAMILY = "1,2";
				TEST_TARGET_NAME = SthlmExplorer;
			};
			name = Release;
		};
/* End XCBuildConfiguration section */

/* Begin XCConfigurationList section */
		E49C02932993E6C4001993B7 /* Build configuration list for PBXProject "SthlmExplorer" */ = {
			isa = XCConfigurationList;
			buildConfigurations = (
				E49C02BA2993E6C5001993B7 /* Debug */,
				E49C02BB2993E6C5001993B7 /* Release */,
			);
			defaultConfigurationIsVisible = 0;
			defaultConfigurationName = Release;
		};
		E49C02BC2993E6C5001993B7 /* Build configuration list for PBXNativeTarget "SthlmExplorer" */ = {
			isa = XCConfigurationList;
			buildConfigurations = (
				E49C02BD2993E6C5001993B7 /* Debug */,
				E49C02BE2993E6C5001993B7 /* Release */,
			);
			defaultConfigurationIsVisible = 0;
			defaultConfigurationName = Release;
		};
		E49C02BF2993E6C5001993B7 /* Build configuration list for PBXNativeTarget "SthlmExplorerTests" */ = {
			isa = XCConfigurationList;
			buildConfigurations = (
				E49C02C02993E6C5001993B7 /* Debug */,
				E49C02C12993E6C5001993B7 /* Release */,
			);
			defaultConfigurationIsVisible = 0;
			defaultConfigurationName = Release;
		};
		E49C02C22993E6C5001993B7 /* Build configuration list for PBXNativeTarget "SthlmExplorerUITests" */ = {
			isa = XCConfigurationList;
			buildConfigurations = (
				E49C02C32993E6C5001993B7 /* Debug */,
				E49C02C42993E6C5001993B7 /* Release */,
			);
			defaultConfigurationIsVisible = 0;
			defaultConfigurationName = Release;
		};
/* End XCConfigurationList section */

/* Begin XCSwiftPackageProductDependency section */
		E40211AE2993F42300C89C65 /* Model */ = {
			isa = XCSwiftPackageProductDependency;
			productName = Model;
		};
		E40211B52993F82000C89C65 /* Data */ = {
			isa = XCSwiftPackageProductDependency;
			productName = Data;
		};
		E40211B8299403B500C89C65 /* Domain */ = {
			isa = XCSwiftPackageProductDependency;
			productName = Domain;
		};
		E42FFA7B29963F7400C17BDA /* Navigation */ = {
			isa = XCSwiftPackageProductDependency;
			productName = Navigation;
		};
		E42FFA882996487200C17BDA /* Location */ = {
			isa = XCSwiftPackageProductDependency;
			productName = Location;
		};
/* End XCSwiftPackageProductDependency section */
	};
	rootObject = E49C02902993E6C4001993B7 /* Project object */;
}
